
Microsoft Visual Studio Solution File, Format Version 9.00
# Visual Studio 2005
Project("{8BC9CEB8-8B4A-11D0-8D11-00A0C91BC942}") = "_vice", "_vice.vcproj", "{ECB6A112-19BB-4073-8AF7-A1B8C861AC5E}"
	ProjectSection(ProjectDependencies) = postProject
		{0BB78319-8074-4808-B6E2-5D6C85981A41} = {0BB78319-8074-4808-B6E2-5D6C85981A41}
		{0335B224-083E-4B15-A5BC-EFA230535709} = {0335B224-083E-4B15-A5BC-EFA230535709}
		{AE78A52B-0993-439C-A119-079731056B9E} = {AE78A52B-0993-439C-A119-079731056B9E}
		{CE682538-2732-4E8D-9F0A-5216A36FE773} = {CE682538-2732-4E8D-9F0A-5216A36FE773}
		{64819D4B-3D2A-4A1D-A299-DED236BC1C5A} = {64819D4B-3D2A-4A1D-A299-DED236BC1C5A}
		{3A67CD71-6D59-4951-A7F9-F145E7E710EB} = {3A67CD71-6D59-4951-A7F9-F145E7E710EB}
		{4546BDA3-3812-46AC-B264-0490CD514793} = {4546BDA3-3812-46AC-B264-0490CD514793}
		{BC99F5A3-6166-4887-AF62-53FBE007AD7A} = {BC99F5A3-6166-4887-AF62-53FBE007AD7A}
		{CB5264CD-9133-433B-94C8-AA5C2B63F08B} = {CB5264CD-9133-433B-94C8-AA5C2B63F08B}
		{5D7323DF-CB50-4A7C-B2FF-765314D210A5} = {5D7323DF-CB50-4A7C-B2FF-765314D210A5}
	EndProjectSection
EndProject
Project("{8BC9CEB8-8B4A-11D0-8D11-00A0C91BC942}") = "arch", "arch.vcproj", "{4A354313-5B3D-4540-AE89-FDFD0D33A4E7}"
	ProjectSection(ProjectDependencies) = postProject
		{167AF82A-A87D-4174-A597-3EDA33E9EC07} = {167AF82A-A87D-4174-A597-3EDA33E9EC07}
		{7129BF37-174A-4D72-994E-9C2327FE9D61} = {7129BF37-174A-4D72-994E-9C2327FE9D61}
		{1B069C71-B4B7-46E0-B8F7-38F33F0B2956} = {1B069C71-B4B7-46E0-B8F7-38F33F0B2956}
		{477A61E3-67BE-4FAF-A516-D6D40A82A7A7} = {477A61E3-67BE-4FAF-A516-D6D40A82A7A7}
	EndProjectSection
EndProject
Project("{8BC9CEB8-8B4A-11D0-8D11-00A0C91BC942}") = "base", "base.vcproj", "{167AF82A-A87D-4174-A597-3EDA33E9EC07}"
	ProjectSection(ProjectDependencies) = postProject
		{477A61E3-67BE-4FAF-A516-D6D40A82A7A7} = {477A61E3-67BE-4FAF-A516-D6D40A82A7A7}
	EndProjectSection
EndProject
Project("{8BC9CEB8-8B4A-11D0-8D11-00A0C91BC942}") = "c128", "c128.vcproj", "{C9FF7B71-E77F-4D77-8C68-E5D497ADB361}"
	ProjectSection(ProjectDependencies) = postProject
		{167AF82A-A87D-4174-A597-3EDA33E9EC07} = {167AF82A-A87D-4174-A597-3EDA33E9EC07}
	EndProjectSection
EndProject
Project("{8BC9CEB8-8B4A-11D0-8D11-00A0C91BC942}") = "c1541", "c1541.vcproj", "{BC99F5A3-6166-4887-AF62-53FBE007AD7A}"
	ProjectSection(ProjectDependencies) = postProject
		{4A354313-5B3D-4540-AE89-FDFD0D33A4E7} = {4A354313-5B3D-4540-AE89-FDFD0D33A4E7}
		{00327921-E1FA-41E1-8FB5-2F0E0EF94C78} = {00327921-E1FA-41E1-8FB5-2F0E0EF94C78}
		{FC8CC524-2B59-4BF7-846C-EC8109C5B615} = {FC8CC524-2B59-4BF7-846C-EC8109C5B615}
		{167AF82A-A87D-4174-A597-3EDA33E9EC07} = {167AF82A-A87D-4174-A597-3EDA33E9EC07}
		{CF04D97F-C99C-4405-B2D7-2D810F8122F9} = {CF04D97F-C99C-4405-B2D7-2D810F8122F9}
		{3F1CB289-B380-43A9-AB8B-4AC48CE6D0A4} = {3F1CB289-B380-43A9-AB8B-4AC48CE6D0A4}
		{423885A6-97DF-41D3-AC4C-6D5A22671A38} = {423885A6-97DF-41D3-AC4C-6D5A22671A38}
		{6CA8C6D2-157C-43D8-9368-5E9C52ABC048} = {6CA8C6D2-157C-43D8-9368-5E9C52ABC048}
		{E9B061E5-739B-4A53-9B6C-4F4E4AAD3E7D} = {E9B061E5-739B-4A53-9B6C-4F4E4AAD3E7D}
	EndProjectSection
EndProject
Project("{8BC9CEB8-8B4A-11D0-8D11-00A0C91BC942}") = "c64", "c64.vcproj", "{5F2820DF-00EF-4468-A501-1843CC1EC753}"
	ProjectSection(ProjectDependencies) = postProject
		{167AF82A-A87D-4174-A597-3EDA33E9EC07} = {167AF82A-A87D-4174-A597-3EDA33E9EC07}
	EndProjectSection
EndProject
Project("{8BC9CEB8-8B4A-11D0-8D11-00A0C91BC942}") = "c64c128", "c64c128.vcproj", "{B868F179-2161-41E7-911D-AE26783DE337}"
	ProjectSection(ProjectDependencies) = postProject
		{167AF82A-A87D-4174-A597-3EDA33E9EC07} = {167AF82A-A87D-4174-A597-3EDA33E9EC07}
	EndProjectSection
EndProject
Project("{8BC9CEB8-8B4A-11D0-8D11-00A0C91BC942}") = "c64c64dtv", "c64c64dtv.vcproj", "{86C6CE6D-C0C2-4489-BCB9-EE0328447CBB}"
	ProjectSection(ProjectDependencies) = postProject
		{167AF82A-A87D-4174-A597-3EDA33E9EC07} = {167AF82A-A87D-4174-A597-3EDA33E9EC07}
	EndProjectSection
EndProject
Project("{8BC9CEB8-8B4A-11D0-8D11-00A0C91BC942}") = "c64cart", "c64cart.vcproj", "{03B352EB-A39A-4AB2-B7C3-42415FAD8A86}"
	ProjectSection(ProjectDependencies) = postProject
		{167AF82A-A87D-4174-A597-3EDA33E9EC07} = {167AF82A-A87D-4174-A597-3EDA33E9EC07}
	EndProjectSection
EndProject
Project("{8BC9CEB8-8B4A-11D0-8D11-00A0C91BC942}") = "c64dtv", "c64dtv.vcproj", "{DD31B3F3-0739-4F3F-B6C0-AED7A5772B74}"
	ProjectSection(ProjectDependencies) = postProject
		{167AF82A-A87D-4174-A597-3EDA33E9EC07} = {167AF82A-A87D-4174-A597-3EDA33E9EC07}
	EndProjectSection
EndProject
Project("{8BC9CEB8-8B4A-11D0-8D11-00A0C91BC942}") = "c64dtvstubs", "c64dtvstubs.vcproj", "{7C7CE1C9-DFC9-4684-BDBF-9624124614A3}"
	ProjectSection(ProjectDependencies) = postProject
		{167AF82A-A87D-4174-A597-3EDA33E9EC07} = {167AF82A-A87D-4174-A597-3EDA33E9EC07}
	EndProjectSection
EndProject
Project("{8BC9CEB8-8B4A-11D0-8D11-00A0C91BC942}") = "c64exp", "c64exp.vcproj", "{C3EB8401-15D7-46AF-97D7-A6C21E77C1A5}"
	ProjectSection(ProjectDependencies) = postProject
		{167AF82A-A87D-4174-A597-3EDA33E9EC07} = {167AF82A-A87D-4174-A597-3EDA33E9EC07}
	EndProjectSection
EndProject
Project("{8BC9CEB8-8B4A-11D0-8D11-00A0C91BC942}") = "cartconv", "cartconv.vcproj", "{0BB78319-8074-4808-B6E2-5D6C85981A41}"
EndProject
Project("{8BC9CEB8-8B4A-11D0-8D11-00A0C91BC942}") = "cbm2", "cbm2.vcproj", "{CF450AB1-DF6F-4780-B08A-6C90CBAC0E4A}"
	ProjectSection(ProjectDependencies) = postProject
		{167AF82A-A87D-4174-A597-3EDA33E9EC07} = {167AF82A-A87D-4174-A597-3EDA33E9EC07}
	EndProjectSection
EndProject
Project("{8BC9CEB8-8B4A-11D0-8D11-00A0C91BC942}") = "core", "core.vcproj", "{73C850E8-76E5-4EB7-B5AF-423CED1B0D96}"
EndProject
Project("{8BC9CEB8-8B4A-11D0-8D11-00A0C91BC942}") = "crtc", "crtc.vcproj", "{BA3E0077-B745-4502-9C7B-371988CA4FEC}"
EndProject
Project("{8BC9CEB8-8B4A-11D0-8D11-00A0C91BC942}") = "diskimage", "diskimage.vcproj", "{00327921-E1FA-41E1-8FB5-2F0E0EF94C78}"
EndProject
Project("{8BC9CEB8-8B4A-11D0-8D11-00A0C91BC942}") = "drive", "drive.vcproj", "{0ED2E124-5786-4A02-8BE5-2DF328A1616A}"
	ProjectSection(ProjectDependencies) = postProject
		{167AF82A-A87D-4174-A597-3EDA33E9EC07} = {167AF82A-A87D-4174-A597-3EDA33E9EC07}
	EndProjectSection
EndProject
Project("{8BC9CEB8-8B4A-11D0-8D11-00A0C91BC942}") = "fileio", "fileio.vcproj", "{423885A6-97DF-41D3-AC4C-6D5A22671A38}"
EndProject
Project("{8BC9CEB8-8B4A-11D0-8D11-00A0C91BC942}") = "fsdevice", "fsdevice.vcproj", "{A40F6FCA-4285-4C27-A914-193E0D740FFD}"
	ProjectSection(ProjectDependencies) = postProject
		{167AF82A-A87D-4174-A597-3EDA33E9EC07} = {167AF82A-A87D-4174-A597-3EDA33E9EC07}
	EndProjectSection
EndProject
Project("{8BC9CEB8-8B4A-11D0-8D11-00A0C91BC942}") = "genmsvcver", "genmsvcver.vcproj", "{1B069C71-B4B7-46E0-B8F7-38F33F0B2956}"
EndProject
Project("{8BC9CEB8-8B4A-11D0-8D11-00A0C91BC942}") = "gentranslate", "gentranslate.vcproj", "{477A61E3-67BE-4FAF-A516-D6D40A82A7A7}"
EndProject
Project("{8BC9CEB8-8B4A-11D0-8D11-00A0C91BC942}") = "genwinres", "genwinres.vcproj", "{7129BF37-174A-4D72-994E-9C2327FE9D61}"
EndProject
Project("{8BC9CEB8-8B4A-11D0-8D11-00A0C91BC942}") = "gfxoutputdrv", "gfxoutputdrv.vcproj", "{8C0C9814-641B-44B6-84CD-25C4C54FB049}"
	ProjectSection(ProjectDependencies) = postProject
		{167AF82A-A87D-4174-A597-3EDA33E9EC07} = {167AF82A-A87D-4174-A597-3EDA33E9EC07}
	EndProjectSection
EndProject
Project("{8BC9CEB8-8B4A-11D0-8D11-00A0C91BC942}") = "iec", "iec.vcproj", "{DB527D7B-1F04-45A5-85F0-AA9E148DD748}"
	ProjectSection(ProjectDependencies) = postProject
		{167AF82A-A87D-4174-A597-3EDA33E9EC07} = {167AF82A-A87D-4174-A597-3EDA33E9EC07}
	EndProjectSection
EndProject
Project("{8BC9CEB8-8B4A-11D0-8D11-00A0C91BC942}") = "iec128dcr", "iec128dcr.vcproj", "{7244426E-2549-43BB-AE6F-79F70FC9F1B3}"
	ProjectSection(ProjectDependencies) = postProject
		{167AF82A-A87D-4174-A597-3EDA33E9EC07} = {167AF82A-A87D-4174-A597-3EDA33E9EC07}
	EndProjectSection
EndProject
Project("{8BC9CEB8-8B4A-11D0-8D11-00A0C91BC942}") = "iecbus", "iecbus.vcproj", "{0B4147B5-8047-40D7-9E74-2D40685C0872}"
	ProjectSection(ProjectDependencies) = postProject
		{167AF82A-A87D-4174-A597-3EDA33E9EC07} = {167AF82A-A87D-4174-A597-3EDA33E9EC07}
	EndProjectSection
EndProject
Project("{8BC9CEB8-8B4A-11D0-8D11-00A0C91BC942}") = "iecieee", "iecieee.vcproj", "{72B67F40-EE90-4C08-8BC9-739952BBF802}"
	ProjectSection(ProjectDependencies) = postProject
		{167AF82A-A87D-4174-A597-3EDA33E9EC07} = {167AF82A-A87D-4174-A597-3EDA33E9EC07}
	EndProjectSection
EndProject
Project("{8BC9CEB8-8B4A-11D0-8D11-00A0C91BC942}") = "ieee", "ieee.vcproj", "{BC6490D8-F308-4F2B-9034-90D5D5DE5CA5}"
	ProjectSection(ProjectDependencies) = postProject
		{167AF82A-A87D-4174-A597-3EDA33E9EC07} = {167AF82A-A87D-4174-A597-3EDA33E9EC07}
	EndProjectSection
EndProject
Project("{8BC9CEB8-8B4A-11D0-8D11-00A0C91BC942}") = "imagecontents", "imagecontents.vcproj", "{CF04D97F-C99C-4405-B2D7-2D810F8122F9}"
EndProject
Project("{8BC9CEB8-8B4A-11D0-8D11-00A0C91BC942}") = "monitor", "monitor.vcproj", "{AE88D35B-0284-48F0-B5EC-CB8169E85A2A}"
	ProjectSection(ProjectDependencies) = postProject
		{167AF82A-A87D-4174-A597-3EDA33E9EC07} = {167AF82A-A87D-4174-A597-3EDA33E9EC07}
	EndProjectSection
EndProject
Project("{8BC9CEB8-8B4A-11D0-8D11-00A0C91BC942}") = "parallel", "parallel.vcproj", "{EE013CA0-FCB3-477A-B387-AFD3C9252989}"
EndProject
Project("{8BC9CEB8-8B4A-11D0-8D11-00A0C91BC942}") = "pet", "pet.vcproj", "{A8AF09E5-371E-442E-9308-BB552E76F4D5}"
	ProjectSection(ProjectDependencies) = postProject
		{167AF82A-A87D-4174-A597-3EDA33E9EC07} = {167AF82A-A87D-4174-A597-3EDA33E9EC07}
	EndProjectSection
EndProject
Project("{8BC9CEB8-8B4A-11D0-8D11-00A0C91BC942}") = "petcat", "petcat.vcproj", "{CE682538-2732-4E8D-9F0A-5216A36FE773}"
	ProjectSection(ProjectDependencies) = postProject
		{4A354313-5B3D-4540-AE89-FDFD0D33A4E7} = {4A354313-5B3D-4540-AE89-FDFD0D33A4E7}
		{167AF82A-A87D-4174-A597-3EDA33E9EC07} = {167AF82A-A87D-4174-A597-3EDA33E9EC07}
		{423885A6-97DF-41D3-AC4C-6D5A22671A38} = {423885A6-97DF-41D3-AC4C-6D5A22671A38}
		{E9B061E5-739B-4A53-9B6C-4F4E4AAD3E7D} = {E9B061E5-739B-4A53-9B6C-4F4E4AAD3E7D}
	EndProjectSection
EndProject
Project("{8BC9CEB8-8B4A-11D0-8D11-00A0C91BC942}") = "plus4", "plus4.vcproj", "{C5951921-2053-4DEA-8069-2591B2F04548}"
	ProjectSection(ProjectDependencies) = postProject
		{167AF82A-A87D-4174-A597-3EDA33E9EC07} = {167AF82A-A87D-4174-A597-3EDA33E9EC07}
	EndProjectSection
EndProject
Project("{8BC9CEB8-8B4A-11D0-8D11-00A0C91BC942}") = "plus4exp", "plus4exp.vcproj", "{320C2A71-24EC-43FC-B37A-BC6E404806A3}"
	ProjectSection(ProjectDependencies) = postProject
		{167AF82A-A87D-4174-A597-3EDA33E9EC07} = {167AF82A-A87D-4174-A597-3EDA33E9EC07}
	EndProjectSection
EndProject
Project("{8BC9CEB8-8B4A-11D0-8D11-00A0C91BC942}") = "png", "png.vcproj", "{B1872CF5-2B80-4E35-AA3F-FDC4A22BC798}"
EndProject
Project("{8BC9CEB8-8B4A-11D0-8D11-00A0C91BC942}") = "printerdrv", "printerdrv.vcproj", "{0DED6E60-AFD5-4D9F-9C20-42882870CCB1}"
	ProjectSection(ProjectDependencies) = postProject
		{167AF82A-A87D-4174-A597-3EDA33E9EC07} = {167AF82A-A87D-4174-A597-3EDA33E9EC07}
	EndProjectSection
EndProject
Project("{8BC9CEB8-8B4A-11D0-8D11-00A0C91BC942}") = "raster", "raster.vcproj", "{B63DA67A-83FC-44F7-A368-5AC4026251A7}"
	ProjectSection(ProjectDependencies) = postProject
		{167AF82A-A87D-4174-A597-3EDA33E9EC07} = {167AF82A-A87D-4174-A597-3EDA33E9EC07}
	EndProjectSection
EndProject
Project("{8BC9CEB8-8B4A-11D0-8D11-00A0C91BC942}") = "resid", "resid.vcproj", "{7CF3660F-5A8D-4EEC-A2B3-9E34FAF267E6}"
EndProject
Project("{8BC9CEB8-8B4A-11D0-8D11-00A0C91BC942}") = "residfp", "residfp.vcproj", "{3D0B54B6-104B-4716-90CA-8BB4DC375CE2}"
EndProject
Project("{8BC9CEB8-8B4A-11D0-8D11-00A0C91BC942}") = "residdtv", "residdtv.vcproj", "{97451C3D-72C7-4F01-BA44-5441223CB2BF}"
EndProject
Project("{8BC9CEB8-8B4A-11D0-8D11-00A0C91BC942}") = "rs232drv", "rs232drv.vcproj", "{CFCFE8EB-9223-4E70-BEB0-FA93180D4CA3}"
	ProjectSection(ProjectDependencies) = postProject
		{167AF82A-A87D-4174-A597-3EDA33E9EC07} = {167AF82A-A87D-4174-A597-3EDA33E9EC07}
	EndProjectSection
EndProject
Project("{8BC9CEB8-8B4A-11D0-8D11-00A0C91BC942}") = "serial", "serial.vcproj", "{FC8CC524-2B59-4BF7-846C-EC8109C5B615}"
	ProjectSection(ProjectDependencies) = postProject
		{167AF82A-A87D-4174-A597-3EDA33E9EC07} = {167AF82A-A87D-4174-A597-3EDA33E9EC07}
	EndProjectSection
EndProject
Project("{8BC9CEB8-8B4A-11D0-8D11-00A0C91BC942}") = "sid", "sid.vcproj", "{76DDDC33-CD8E-40B8-8A00-8CE75C12ADDF}"
	ProjectSection(ProjectDependencies) = postProject
		{167AF82A-A87D-4174-A597-3EDA33E9EC07} = {167AF82A-A87D-4174-A597-3EDA33E9EC07}
	EndProjectSection
EndProject
Project("{8BC9CEB8-8B4A-11D0-8D11-00A0C91BC942}") = "sounddrv", "sounddrv.vcproj", "{AEC70508-1A9B-4968-87C9-42EFEA706999}"
EndProject
Project("{8BC9CEB8-8B4A-11D0-8D11-00A0C91BC942}") = "tape", "tape.vcproj", "{6CA8C6D2-157C-43D8-9368-5E9C52ABC048}"
EndProject
Project("{8BC9CEB8-8B4A-11D0-8D11-00A0C91BC942}") = "tcbm", "tcbm.vcproj", "{E8CF1434-22E4-4FF8-A503-DC8B87EB2C68}"
	ProjectSection(ProjectDependencies) = postProject
		{167AF82A-A87D-4174-A597-3EDA33E9EC07} = {167AF82A-A87D-4174-A597-3EDA33E9EC07}
	EndProjectSection
EndProject
Project("{8BC9CEB8-8B4A-11D0-8D11-00A0C91BC942}") = "vdc", "vdc.vcproj", "{C61A260C-0E95-47CE-BE6E-9DD8E4AB666D}"
	ProjectSection(ProjectDependencies) = postProject
		{167AF82A-A87D-4174-A597-3EDA33E9EC07} = {167AF82A-A87D-4174-A597-3EDA33E9EC07}
	EndProjectSection
EndProject
Project("{8BC9CEB8-8B4A-11D0-8D11-00A0C91BC942}") = "vdrive", "vdrive.vcproj", "{3F1CB289-B380-43A9-AB8B-4AC48CE6D0A4}"
EndProject
Project("{8BC9CEB8-8B4A-11D0-8D11-00A0C91BC942}") = "vic20", "vic20.vcproj", "{CCB53DD3-BE68-48D1-87D5-D482958B3293}"
	ProjectSection(ProjectDependencies) = postProject
		{167AF82A-A87D-4174-A597-3EDA33E9EC07} = {167AF82A-A87D-4174-A597-3EDA33E9EC07}
	EndProjectSection
EndProject
Project("{8BC9CEB8-8B4A-11D0-8D11-00A0C91BC942}") = "vicii", "vicii.vcproj", "{C99ABD62-30E6-4AEE-82D6-1B5069021C42}"
	ProjectSection(ProjectDependencies) = postProject
		{167AF82A-A87D-4174-A597-3EDA33E9EC07} = {167AF82A-A87D-4174-A597-3EDA33E9EC07}
	EndProjectSection
EndProject
Project("{8BC9CEB8-8B4A-11D0-8D11-00A0C91BC942}") = "viciidtv", "viciidtv.vcproj", "{E6DF2112-7CD6-46D2-91E0-6490702EED7F}"
	ProjectSection(ProjectDependencies) = postProject
		{167AF82A-A87D-4174-A597-3EDA33E9EC07} = {167AF82A-A87D-4174-A597-3EDA33E9EC07}
	EndProjectSection
EndProject
Project("{8BC9CEB8-8B4A-11D0-8D11-00A0C91BC942}") = "video", "video.vcproj", "{7B9D283C-1BED-4FD8-BE86-13599332CBDC}"
	ProjectSection(ProjectDependencies) = postProject
		{167AF82A-A87D-4174-A597-3EDA33E9EC07} = {167AF82A-A87D-4174-A597-3EDA33E9EC07}
	EndProjectSection
EndProject
Project("{8BC9CEB8-8B4A-11D0-8D11-00A0C91BC942}") = "x128", "x128.vcproj", "{0335B224-083E-4B15-A5BC-EFA230535709}"
	ProjectSection(ProjectDependencies) = postProject
		{C3EB8401-15D7-46AF-97D7-A6C21E77C1A5} = {C3EB8401-15D7-46AF-97D7-A6C21E77C1A5}
		{AEC70508-1A9B-4968-87C9-42EFEA706999} = {AEC70508-1A9B-4968-87C9-42EFEA706999}
		{C61A260C-0E95-47CE-BE6E-9DD8E4AB666D} = {C61A260C-0E95-47CE-BE6E-9DD8E4AB666D}
		{7CF3660F-5A8D-4EEC-A2B3-9E34FAF267E6} = {7CF3660F-5A8D-4EEC-A2B3-9E34FAF267E6}
		{4A354313-5B3D-4540-AE89-FDFD0D33A4E7} = {4A354313-5B3D-4540-AE89-FDFD0D33A4E7}
		{8C0C9814-641B-44B6-84CD-25C4C54FB049} = {8C0C9814-641B-44B6-84CD-25C4C54FB049}
		{00327921-E1FA-41E1-8FB5-2F0E0EF94C78} = {00327921-E1FA-41E1-8FB5-2F0E0EF94C78}
		{FC8CC524-2B59-4BF7-846C-EC8109C5B615} = {FC8CC524-2B59-4BF7-846C-EC8109C5B615}
		{0ED2E124-5786-4A02-8BE5-2DF328A1616A} = {0ED2E124-5786-4A02-8BE5-2DF328A1616A}
		{167AF82A-A87D-4174-A597-3EDA33E9EC07} = {167AF82A-A87D-4174-A597-3EDA33E9EC07}
		{76DDDC33-CD8E-40B8-8A00-8CE75C12ADDF} = {76DDDC33-CD8E-40B8-8A00-8CE75C12ADDF}
		{7B9D283C-1BED-4FD8-BE86-13599332CBDC} = {7B9D283C-1BED-4FD8-BE86-13599332CBDC}
		{72B67F40-EE90-4C08-8BC9-739952BBF802} = {72B67F40-EE90-4C08-8BC9-739952BBF802}
		{AE88D35B-0284-48F0-B5EC-CB8169E85A2A} = {AE88D35B-0284-48F0-B5EC-CB8169E85A2A}
		{0DED6E60-AFD5-4D9F-9C20-42882870CCB1} = {0DED6E60-AFD5-4D9F-9C20-42882870CCB1}
		{C99ABD62-30E6-4AEE-82D6-1B5069021C42} = {C99ABD62-30E6-4AEE-82D6-1B5069021C42}
		{7244426E-2549-43BB-AE6F-79F70FC9F1B3} = {7244426E-2549-43BB-AE6F-79F70FC9F1B3}
		{C9FF7B71-E77F-4D77-8C68-E5D497ADB361} = {C9FF7B71-E77F-4D77-8C68-E5D497ADB361}
		{B868F179-2161-41E7-911D-AE26783DE337} = {B868F179-2161-41E7-911D-AE26783DE337}
		{B63DA67A-83FC-44F7-A368-5AC4026251A7} = {B63DA67A-83FC-44F7-A368-5AC4026251A7}
		{DB527D7B-1F04-45A5-85F0-AA9E148DD748} = {DB527D7B-1F04-45A5-85F0-AA9E148DD748}
		{CF04D97F-C99C-4405-B2D7-2D810F8122F9} = {CF04D97F-C99C-4405-B2D7-2D810F8122F9}
		{3F1CB289-B380-43A9-AB8B-4AC48CE6D0A4} = {3F1CB289-B380-43A9-AB8B-4AC48CE6D0A4}
		{EE013CA0-FCB3-477A-B387-AFD3C9252989} = {EE013CA0-FCB3-477A-B387-AFD3C9252989}
		{423885A6-97DF-41D3-AC4C-6D5A22671A38} = {423885A6-97DF-41D3-AC4C-6D5A22671A38}
		{0B4147B5-8047-40D7-9E74-2D40685C0872} = {0B4147B5-8047-40D7-9E74-2D40685C0872}
		{3D0B54B6-104B-4716-90CA-8BB4DC375CE2} = {3D0B54B6-104B-4716-90CA-8BB4DC375CE2}
		{A40F6FCA-4285-4C27-A914-193E0D740FFD} = {A40F6FCA-4285-4C27-A914-193E0D740FFD}
		{6CA8C6D2-157C-43D8-9368-5E9C52ABC048} = {6CA8C6D2-157C-43D8-9368-5E9C52ABC048}
		{BC6490D8-F308-4F2B-9034-90D5D5DE5CA5} = {BC6490D8-F308-4F2B-9034-90D5D5DE5CA5}
		{E9B061E5-739B-4A53-9B6C-4F4E4AAD3E7D} = {E9B061E5-739B-4A53-9B6C-4F4E4AAD3E7D}
		{73C850E8-76E5-4EB7-B5AF-423CED1B0D96} = {73C850E8-76E5-4EB7-B5AF-423CED1B0D96}
		{03B352EB-A39A-4AB2-B7C3-42415FAD8A86} = {03B352EB-A39A-4AB2-B7C3-42415FAD8A86}
		{CFCFE8EB-9223-4E70-BEB0-FA93180D4CA3} = {CFCFE8EB-9223-4E70-BEB0-FA93180D4CA3}
		{B1872CF5-2B80-4E35-AA3F-FDC4A22BC798} = {B1872CF5-2B80-4E35-AA3F-FDC4A22BC798}
	EndProjectSection
EndProject
Project("{8BC9CEB8-8B4A-11D0-8D11-00A0C91BC942}") = "x64", "x64.vcproj", "{CB5264CD-9133-433B-94C8-AA5C2B63F08B}"
	ProjectSection(ProjectDependencies) = postProject
		{C3EB8401-15D7-46AF-97D7-A6C21E77C1A5} = {C3EB8401-15D7-46AF-97D7-A6C21E77C1A5}
		{AEC70508-1A9B-4968-87C9-42EFEA706999} = {AEC70508-1A9B-4968-87C9-42EFEA706999}
		{7CF3660F-5A8D-4EEC-A2B3-9E34FAF267E6} = {7CF3660F-5A8D-4EEC-A2B3-9E34FAF267E6}
		{4A354313-5B3D-4540-AE89-FDFD0D33A4E7} = {4A354313-5B3D-4540-AE89-FDFD0D33A4E7}
		{8C0C9814-641B-44B6-84CD-25C4C54FB049} = {8C0C9814-641B-44B6-84CD-25C4C54FB049}
		{00327921-E1FA-41E1-8FB5-2F0E0EF94C78} = {00327921-E1FA-41E1-8FB5-2F0E0EF94C78}
		{FC8CC524-2B59-4BF7-846C-EC8109C5B615} = {FC8CC524-2B59-4BF7-846C-EC8109C5B615}
		{0ED2E124-5786-4A02-8BE5-2DF328A1616A} = {0ED2E124-5786-4A02-8BE5-2DF328A1616A}
		{167AF82A-A87D-4174-A597-3EDA33E9EC07} = {167AF82A-A87D-4174-A597-3EDA33E9EC07}
		{76DDDC33-CD8E-40B8-8A00-8CE75C12ADDF} = {76DDDC33-CD8E-40B8-8A00-8CE75C12ADDF}
		{7B9D283C-1BED-4FD8-BE86-13599332CBDC} = {7B9D283C-1BED-4FD8-BE86-13599332CBDC}
		{72B67F40-EE90-4C08-8BC9-739952BBF802} = {72B67F40-EE90-4C08-8BC9-739952BBF802}
		{AE88D35B-0284-48F0-B5EC-CB8169E85A2A} = {AE88D35B-0284-48F0-B5EC-CB8169E85A2A}
		{0DED6E60-AFD5-4D9F-9C20-42882870CCB1} = {0DED6E60-AFD5-4D9F-9C20-42882870CCB1}
		{C99ABD62-30E6-4AEE-82D6-1B5069021C42} = {C99ABD62-30E6-4AEE-82D6-1B5069021C42}
		{B63DA67A-83FC-44F7-A368-5AC4026251A7} = {B63DA67A-83FC-44F7-A368-5AC4026251A7}
		{DB527D7B-1F04-45A5-85F0-AA9E148DD748} = {DB527D7B-1F04-45A5-85F0-AA9E148DD748}
		{CF04D97F-C99C-4405-B2D7-2D810F8122F9} = {CF04D97F-C99C-4405-B2D7-2D810F8122F9}
		{3F1CB289-B380-43A9-AB8B-4AC48CE6D0A4} = {3F1CB289-B380-43A9-AB8B-4AC48CE6D0A4}
		{EE013CA0-FCB3-477A-B387-AFD3C9252989} = {EE013CA0-FCB3-477A-B387-AFD3C9252989}
		{423885A6-97DF-41D3-AC4C-6D5A22671A38} = {423885A6-97DF-41D3-AC4C-6D5A22671A38}
		{0B4147B5-8047-40D7-9E74-2D40685C0872} = {0B4147B5-8047-40D7-9E74-2D40685C0872}
		{3D0B54B6-104B-4716-90CA-8BB4DC375CE2} = {3D0B54B6-104B-4716-90CA-8BB4DC375CE2}
		{A40F6FCA-4285-4C27-A914-193E0D740FFD} = {A40F6FCA-4285-4C27-A914-193E0D740FFD}
		{6CA8C6D2-157C-43D8-9368-5E9C52ABC048} = {6CA8C6D2-157C-43D8-9368-5E9C52ABC048}
		{BC6490D8-F308-4F2B-9034-90D5D5DE5CA5} = {BC6490D8-F308-4F2B-9034-90D5D5DE5CA5}
		{5F2820DF-00EF-4468-A501-1843CC1EC753} = {5F2820DF-00EF-4468-A501-1843CC1EC753}
		{E9B061E5-739B-4A53-9B6C-4F4E4AAD3E7D} = {E9B061E5-739B-4A53-9B6C-4F4E4AAD3E7D}
		{73C850E8-76E5-4EB7-B5AF-423CED1B0D96} = {73C850E8-76E5-4EB7-B5AF-423CED1B0D96}
		{03B352EB-A39A-4AB2-B7C3-42415FAD8A86} = {03B352EB-A39A-4AB2-B7C3-42415FAD8A86}
		{CFCFE8EB-9223-4E70-BEB0-FA93180D4CA3} = {CFCFE8EB-9223-4E70-BEB0-FA93180D4CA3}
		{B1872CF5-2B80-4E35-AA3F-FDC4A22BC798} = {B1872CF5-2B80-4E35-AA3F-FDC4A22BC798}
	EndProjectSection
EndProject
Project("{8BC9CEB8-8B4A-11D0-8D11-00A0C91BC942}") = "x64dtv", "x64dtv.vcproj", "{5D7323DF-CB50-4A7C-B2FF-765314D210A5}"
	ProjectSection(ProjectDependencies) = postProject
		{C3EB8401-15D7-46AF-97D7-A6C21E77C1A5} = {C3EB8401-15D7-46AF-97D7-A6C21E77C1A5}
		{AEC70508-1A9B-4968-87C9-42EFEA706999} = {AEC70508-1A9B-4968-87C9-42EFEA706999}
		{E6DF2112-7CD6-46D2-91E0-6490702EED7F} = {E6DF2112-7CD6-46D2-91E0-6490702EED7F}
		{4A354313-5B3D-4540-AE89-FDFD0D33A4E7} = {4A354313-5B3D-4540-AE89-FDFD0D33A4E7}
		{8C0C9814-641B-44B6-84CD-25C4C54FB049} = {8C0C9814-641B-44B6-84CD-25C4C54FB049}
		{00327921-E1FA-41E1-8FB5-2F0E0EF94C78} = {00327921-E1FA-41E1-8FB5-2F0E0EF94C78}
		{FC8CC524-2B59-4BF7-846C-EC8109C5B615} = {FC8CC524-2B59-4BF7-846C-EC8109C5B615}
		{0ED2E124-5786-4A02-8BE5-2DF328A1616A} = {0ED2E124-5786-4A02-8BE5-2DF328A1616A}
		{167AF82A-A87D-4174-A597-3EDA33E9EC07} = {167AF82A-A87D-4174-A597-3EDA33E9EC07}
		{76DDDC33-CD8E-40B8-8A00-8CE75C12ADDF} = {76DDDC33-CD8E-40B8-8A00-8CE75C12ADDF}
		{7B9D283C-1BED-4FD8-BE86-13599332CBDC} = {7B9D283C-1BED-4FD8-BE86-13599332CBDC}
		{97451C3D-72C7-4F01-BA44-5441223CB2BF} = {97451C3D-72C7-4F01-BA44-5441223CB2BF}
		{72B67F40-EE90-4C08-8BC9-739952BBF802} = {72B67F40-EE90-4C08-8BC9-739952BBF802}
		{AE88D35B-0284-48F0-B5EC-CB8169E85A2A} = {AE88D35B-0284-48F0-B5EC-CB8169E85A2A}
		{0DED6E60-AFD5-4D9F-9C20-42882870CCB1} = {0DED6E60-AFD5-4D9F-9C20-42882870CCB1}
		{86C6CE6D-C0C2-4489-BCB9-EE0328447CBB} = {86C6CE6D-C0C2-4489-BCB9-EE0328447CBB}
		{B63DA67A-83FC-44F7-A368-5AC4026251A7} = {B63DA67A-83FC-44F7-A368-5AC4026251A7}
		{DB527D7B-1F04-45A5-85F0-AA9E148DD748} = {DB527D7B-1F04-45A5-85F0-AA9E148DD748}
		{CF04D97F-C99C-4405-B2D7-2D810F8122F9} = {CF04D97F-C99C-4405-B2D7-2D810F8122F9}
		{3F1CB289-B380-43A9-AB8B-4AC48CE6D0A4} = {3F1CB289-B380-43A9-AB8B-4AC48CE6D0A4}
		{EE013CA0-FCB3-477A-B387-AFD3C9252989} = {EE013CA0-FCB3-477A-B387-AFD3C9252989}
		{423885A6-97DF-41D3-AC4C-6D5A22671A38} = {423885A6-97DF-41D3-AC4C-6D5A22671A38}
		{0B4147B5-8047-40D7-9E74-2D40685C0872} = {0B4147B5-8047-40D7-9E74-2D40685C0872}
		{3D0B54B6-104B-4716-90CA-8BB4DC375CE2} = {3D0B54B6-104B-4716-90CA-8BB4DC375CE2}
		{7C7CE1C9-DFC9-4684-BDBF-9624124614A3} = {7C7CE1C9-DFC9-4684-BDBF-9624124614A3}
		{A40F6FCA-4285-4C27-A914-193E0D740FFD} = {A40F6FCA-4285-4C27-A914-193E0D740FFD}
		{6CA8C6D2-157C-43D8-9368-5E9C52ABC048} = {6CA8C6D2-157C-43D8-9368-5E9C52ABC048}
		{BC6490D8-F308-4F2B-9034-90D5D5DE5CA5} = {BC6490D8-F308-4F2B-9034-90D5D5DE5CA5}
		{E9B061E5-739B-4A53-9B6C-4F4E4AAD3E7D} = {E9B061E5-739B-4A53-9B6C-4F4E4AAD3E7D}
		{73C850E8-76E5-4EB7-B5AF-423CED1B0D96} = {73C850E8-76E5-4EB7-B5AF-423CED1B0D96}
		{CFCFE8EB-9223-4E70-BEB0-FA93180D4CA3} = {CFCFE8EB-9223-4E70-BEB0-FA93180D4CA3}
		{DD31B3F3-0739-4F3F-B6C0-AED7A5772B74} = {DD31B3F3-0739-4F3F-B6C0-AED7A5772B74}
		{B1872CF5-2B80-4E35-AA3F-FDC4A22BC798} = {B1872CF5-2B80-4E35-AA3F-FDC4A22BC798}
	EndProjectSection
EndProject
Project("{8BC9CEB8-8B4A-11D0-8D11-00A0C91BC942}") = "xcbm2", "xcbm2.vcproj", "{64819D4B-3D2A-4A1D-A299-DED236BC1C5A}"
	ProjectSection(ProjectDependencies) = postProject
		{AEC70508-1A9B-4968-87C9-42EFEA706999} = {AEC70508-1A9B-4968-87C9-42EFEA706999}
		{7CF3660F-5A8D-4EEC-A2B3-9E34FAF267E6} = {7CF3660F-5A8D-4EEC-A2B3-9E34FAF267E6}
		{4A354313-5B3D-4540-AE89-FDFD0D33A4E7} = {4A354313-5B3D-4540-AE89-FDFD0D33A4E7}
		{8C0C9814-641B-44B6-84CD-25C4C54FB049} = {8C0C9814-641B-44B6-84CD-25C4C54FB049}
		{00327921-E1FA-41E1-8FB5-2F0E0EF94C78} = {00327921-E1FA-41E1-8FB5-2F0E0EF94C78}
		{FC8CC524-2B59-4BF7-846C-EC8109C5B615} = {FC8CC524-2B59-4BF7-846C-EC8109C5B615}
		{0ED2E124-5786-4A02-8BE5-2DF328A1616A} = {0ED2E124-5786-4A02-8BE5-2DF328A1616A}
		{167AF82A-A87D-4174-A597-3EDA33E9EC07} = {167AF82A-A87D-4174-A597-3EDA33E9EC07}
		{76DDDC33-CD8E-40B8-8A00-8CE75C12ADDF} = {76DDDC33-CD8E-40B8-8A00-8CE75C12ADDF}
		{7B9D283C-1BED-4FD8-BE86-13599332CBDC} = {7B9D283C-1BED-4FD8-BE86-13599332CBDC}
		{72B67F40-EE90-4C08-8BC9-739952BBF802} = {72B67F40-EE90-4C08-8BC9-739952BBF802}
		{AE88D35B-0284-48F0-B5EC-CB8169E85A2A} = {AE88D35B-0284-48F0-B5EC-CB8169E85A2A}
		{0DED6E60-AFD5-4D9F-9C20-42882870CCB1} = {0DED6E60-AFD5-4D9F-9C20-42882870CCB1}
		{C99ABD62-30E6-4AEE-82D6-1B5069021C42} = {C99ABD62-30E6-4AEE-82D6-1B5069021C42}
		{BA3E0077-B745-4502-9C7B-371988CA4FEC} = {BA3E0077-B745-4502-9C7B-371988CA4FEC}
		{B63DA67A-83FC-44F7-A368-5AC4026251A7} = {B63DA67A-83FC-44F7-A368-5AC4026251A7}
		{CF04D97F-C99C-4405-B2D7-2D810F8122F9} = {CF04D97F-C99C-4405-B2D7-2D810F8122F9}
		{3F1CB289-B380-43A9-AB8B-4AC48CE6D0A4} = {3F1CB289-B380-43A9-AB8B-4AC48CE6D0A4}
		{EE013CA0-FCB3-477A-B387-AFD3C9252989} = {EE013CA0-FCB3-477A-B387-AFD3C9252989}
		{423885A6-97DF-41D3-AC4C-6D5A22671A38} = {423885A6-97DF-41D3-AC4C-6D5A22671A38}
		{CF450AB1-DF6F-4780-B08A-6C90CBAC0E4A} = {CF450AB1-DF6F-4780-B08A-6C90CBAC0E4A}
		{3D0B54B6-104B-4716-90CA-8BB4DC375CE2} = {3D0B54B6-104B-4716-90CA-8BB4DC375CE2}
		{A40F6FCA-4285-4C27-A914-193E0D740FFD} = {A40F6FCA-4285-4C27-A914-193E0D740FFD}
		{6CA8C6D2-157C-43D8-9368-5E9C52ABC048} = {6CA8C6D2-157C-43D8-9368-5E9C52ABC048}
		{BC6490D8-F308-4F2B-9034-90D5D5DE5CA5} = {BC6490D8-F308-4F2B-9034-90D5D5DE5CA5}
		{E9B061E5-739B-4A53-9B6C-4F4E4AAD3E7D} = {E9B061E5-739B-4A53-9B6C-4F4E4AAD3E7D}
		{73C850E8-76E5-4EB7-B5AF-423CED1B0D96} = {73C850E8-76E5-4EB7-B5AF-423CED1B0D96}
		{CFCFE8EB-9223-4E70-BEB0-FA93180D4CA3} = {CFCFE8EB-9223-4E70-BEB0-FA93180D4CA3}
		{B1872CF5-2B80-4E35-AA3F-FDC4A22BC798} = {B1872CF5-2B80-4E35-AA3F-FDC4A22BC798}
	EndProjectSection
EndProject
Project("{8BC9CEB8-8B4A-11D0-8D11-00A0C91BC942}") = "xpet", "xpet.vcproj", "{3A67CD71-6D59-4951-A7F9-F145E7E710EB}"
	ProjectSection(ProjectDependencies) = postProject
		{AEC70508-1A9B-4968-87C9-42EFEA706999} = {AEC70508-1A9B-4968-87C9-42EFEA706999}
		{7CF3660F-5A8D-4EEC-A2B3-9E34FAF267E6} = {7CF3660F-5A8D-4EEC-A2B3-9E34FAF267E6}
		{4A354313-5B3D-4540-AE89-FDFD0D33A4E7} = {4A354313-5B3D-4540-AE89-FDFD0D33A4E7}
		{8C0C9814-641B-44B6-84CD-25C4C54FB049} = {8C0C9814-641B-44B6-84CD-25C4C54FB049}
		{00327921-E1FA-41E1-8FB5-2F0E0EF94C78} = {00327921-E1FA-41E1-8FB5-2F0E0EF94C78}
		{FC8CC524-2B59-4BF7-846C-EC8109C5B615} = {FC8CC524-2B59-4BF7-846C-EC8109C5B615}
		{0ED2E124-5786-4A02-8BE5-2DF328A1616A} = {0ED2E124-5786-4A02-8BE5-2DF328A1616A}
		{167AF82A-A87D-4174-A597-3EDA33E9EC07} = {167AF82A-A87D-4174-A597-3EDA33E9EC07}
		{76DDDC33-CD8E-40B8-8A00-8CE75C12ADDF} = {76DDDC33-CD8E-40B8-8A00-8CE75C12ADDF}
		{7B9D283C-1BED-4FD8-BE86-13599332CBDC} = {7B9D283C-1BED-4FD8-BE86-13599332CBDC}
		{72B67F40-EE90-4C08-8BC9-739952BBF802} = {72B67F40-EE90-4C08-8BC9-739952BBF802}
		{AE88D35B-0284-48F0-B5EC-CB8169E85A2A} = {AE88D35B-0284-48F0-B5EC-CB8169E85A2A}
		{0DED6E60-AFD5-4D9F-9C20-42882870CCB1} = {0DED6E60-AFD5-4D9F-9C20-42882870CCB1}
		{BA3E0077-B745-4502-9C7B-371988CA4FEC} = {BA3E0077-B745-4502-9C7B-371988CA4FEC}
		{B63DA67A-83FC-44F7-A368-5AC4026251A7} = {B63DA67A-83FC-44F7-A368-5AC4026251A7}
		{CF04D97F-C99C-4405-B2D7-2D810F8122F9} = {CF04D97F-C99C-4405-B2D7-2D810F8122F9}
		{3F1CB289-B380-43A9-AB8B-4AC48CE6D0A4} = {3F1CB289-B380-43A9-AB8B-4AC48CE6D0A4}
		{EE013CA0-FCB3-477A-B387-AFD3C9252989} = {EE013CA0-FCB3-477A-B387-AFD3C9252989}
		{423885A6-97DF-41D3-AC4C-6D5A22671A38} = {423885A6-97DF-41D3-AC4C-6D5A22671A38}
		{3D0B54B6-104B-4716-90CA-8BB4DC375CE2} = {3D0B54B6-104B-4716-90CA-8BB4DC375CE2}
		{A40F6FCA-4285-4C27-A914-193E0D740FFD} = {A40F6FCA-4285-4C27-A914-193E0D740FFD}
		{6CA8C6D2-157C-43D8-9368-5E9C52ABC048} = {6CA8C6D2-157C-43D8-9368-5E9C52ABC048}
		{BC6490D8-F308-4F2B-9034-90D5D5DE5CA5} = {BC6490D8-F308-4F2B-9034-90D5D5DE5CA5}
		{A8AF09E5-371E-442E-9308-BB552E76F4D5} = {A8AF09E5-371E-442E-9308-BB552E76F4D5}
		{E9B061E5-739B-4A53-9B6C-4F4E4AAD3E7D} = {E9B061E5-739B-4A53-9B6C-4F4E4AAD3E7D}
		{73C850E8-76E5-4EB7-B5AF-423CED1B0D96} = {73C850E8-76E5-4EB7-B5AF-423CED1B0D96}
		{CFCFE8EB-9223-4E70-BEB0-FA93180D4CA3} = {CFCFE8EB-9223-4E70-BEB0-FA93180D4CA3}
		{B1872CF5-2B80-4E35-AA3F-FDC4A22BC798} = {B1872CF5-2B80-4E35-AA3F-FDC4A22BC798}
	EndProjectSection
EndProject
Project("{8BC9CEB8-8B4A-11D0-8D11-00A0C91BC942}") = "xplus4", "xplus4.vcproj", "{4546BDA3-3812-46AC-B264-0490CD514793}"
	ProjectSection(ProjectDependencies) = postProject
		{AEC70508-1A9B-4968-87C9-42EFEA706999} = {AEC70508-1A9B-4968-87C9-42EFEA706999}
		{7CF3660F-5A8D-4EEC-A2B3-9E34FAF267E6} = {7CF3660F-5A8D-4EEC-A2B3-9E34FAF267E6}
		{4A354313-5B3D-4540-AE89-FDFD0D33A4E7} = {4A354313-5B3D-4540-AE89-FDFD0D33A4E7}
		{8C0C9814-641B-44B6-84CD-25C4C54FB049} = {8C0C9814-641B-44B6-84CD-25C4C54FB049}
		{C5951921-2053-4DEA-8069-2591B2F04548} = {C5951921-2053-4DEA-8069-2591B2F04548}
		{00327921-E1FA-41E1-8FB5-2F0E0EF94C78} = {00327921-E1FA-41E1-8FB5-2F0E0EF94C78}
		{FC8CC524-2B59-4BF7-846C-EC8109C5B615} = {FC8CC524-2B59-4BF7-846C-EC8109C5B615}
		{0ED2E124-5786-4A02-8BE5-2DF328A1616A} = {0ED2E124-5786-4A02-8BE5-2DF328A1616A}
		{167AF82A-A87D-4174-A597-3EDA33E9EC07} = {167AF82A-A87D-4174-A597-3EDA33E9EC07}
		{76DDDC33-CD8E-40B8-8A00-8CE75C12ADDF} = {76DDDC33-CD8E-40B8-8A00-8CE75C12ADDF}
		{E8CF1434-22E4-4FF8-A503-DC8B87EB2C68} = {E8CF1434-22E4-4FF8-A503-DC8B87EB2C68}
		{7B9D283C-1BED-4FD8-BE86-13599332CBDC} = {7B9D283C-1BED-4FD8-BE86-13599332CBDC}
		{72B67F40-EE90-4C08-8BC9-739952BBF802} = {72B67F40-EE90-4C08-8BC9-739952BBF802}
		{AE88D35B-0284-48F0-B5EC-CB8169E85A2A} = {AE88D35B-0284-48F0-B5EC-CB8169E85A2A}
		{0DED6E60-AFD5-4D9F-9C20-42882870CCB1} = {0DED6E60-AFD5-4D9F-9C20-42882870CCB1}
		{320C2A71-24EC-43FC-B37A-BC6E404806A3} = {320C2A71-24EC-43FC-B37A-BC6E404806A3}
		{B63DA67A-83FC-44F7-A368-5AC4026251A7} = {B63DA67A-83FC-44F7-A368-5AC4026251A7}
		{DB527D7B-1F04-45A5-85F0-AA9E148DD748} = {DB527D7B-1F04-45A5-85F0-AA9E148DD748}
		{CF04D97F-C99C-4405-B2D7-2D810F8122F9} = {CF04D97F-C99C-4405-B2D7-2D810F8122F9}
		{3F1CB289-B380-43A9-AB8B-4AC48CE6D0A4} = {3F1CB289-B380-43A9-AB8B-4AC48CE6D0A4}
		{423885A6-97DF-41D3-AC4C-6D5A22671A38} = {423885A6-97DF-41D3-AC4C-6D5A22671A38}
		{0B4147B5-8047-40D7-9E74-2D40685C0872} = {0B4147B5-8047-40D7-9E74-2D40685C0872}
		{3D0B54B6-104B-4716-90CA-8BB4DC375CE2} = {3D0B54B6-104B-4716-90CA-8BB4DC375CE2}
		{A40F6FCA-4285-4C27-A914-193E0D740FFD} = {A40F6FCA-4285-4C27-A914-193E0D740FFD}
		{6CA8C6D2-157C-43D8-9368-5E9C52ABC048} = {6CA8C6D2-157C-43D8-9368-5E9C52ABC048}
		{E9B061E5-739B-4A53-9B6C-4F4E4AAD3E7D} = {E9B061E5-739B-4A53-9B6C-4F4E4AAD3E7D}
		{73C850E8-76E5-4EB7-B5AF-423CED1B0D96} = {73C850E8-76E5-4EB7-B5AF-423CED1B0D96}
		{CFCFE8EB-9223-4E70-BEB0-FA93180D4CA3} = {CFCFE8EB-9223-4E70-BEB0-FA93180D4CA3}
		{B1872CF5-2B80-4E35-AA3F-FDC4A22BC798} = {B1872CF5-2B80-4E35-AA3F-FDC4A22BC798}
	EndProjectSection
EndProject
Project("{8BC9CEB8-8B4A-11D0-8D11-00A0C91BC942}") = "xvic", "xvic.vcproj", "{AE78A52B-0993-439C-A119-079731056B9E}"
	ProjectSection(ProjectDependencies) = postProject
		{AEC70508-1A9B-4968-87C9-42EFEA706999} = {AEC70508-1A9B-4968-87C9-42EFEA706999}
		{7CF3660F-5A8D-4EEC-A2B3-9E34FAF267E6} = {7CF3660F-5A8D-4EEC-A2B3-9E34FAF267E6}
		{4A354313-5B3D-4540-AE89-FDFD0D33A4E7} = {4A354313-5B3D-4540-AE89-FDFD0D33A4E7}
		{8C0C9814-641B-44B6-84CD-25C4C54FB049} = {8C0C9814-641B-44B6-84CD-25C4C54FB049}
		{00327921-E1FA-41E1-8FB5-2F0E0EF94C78} = {00327921-E1FA-41E1-8FB5-2F0E0EF94C78}
		{FC8CC524-2B59-4BF7-846C-EC8109C5B615} = {FC8CC524-2B59-4BF7-846C-EC8109C5B615}
		{0ED2E124-5786-4A02-8BE5-2DF328A1616A} = {0ED2E124-5786-4A02-8BE5-2DF328A1616A}
		{167AF82A-A87D-4174-A597-3EDA33E9EC07} = {167AF82A-A87D-4174-A597-3EDA33E9EC07}
		{76DDDC33-CD8E-40B8-8A00-8CE75C12ADDF} = {76DDDC33-CD8E-40B8-8A00-8CE75C12ADDF}
		{7B9D283C-1BED-4FD8-BE86-13599332CBDC} = {7B9D283C-1BED-4FD8-BE86-13599332CBDC}
		{72B67F40-EE90-4C08-8BC9-739952BBF802} = {72B67F40-EE90-4C08-8BC9-739952BBF802}
		{AE88D35B-0284-48F0-B5EC-CB8169E85A2A} = {AE88D35B-0284-48F0-B5EC-CB8169E85A2A}
		{0DED6E60-AFD5-4D9F-9C20-42882870CCB1} = {0DED6E60-AFD5-4D9F-9C20-42882870CCB1}
		{B63DA67A-83FC-44F7-A368-5AC4026251A7} = {B63DA67A-83FC-44F7-A368-5AC4026251A7}
		{DB527D7B-1F04-45A5-85F0-AA9E148DD748} = {DB527D7B-1F04-45A5-85F0-AA9E148DD748}
		{CF04D97F-C99C-4405-B2D7-2D810F8122F9} = {CF04D97F-C99C-4405-B2D7-2D810F8122F9}
		{3F1CB289-B380-43A9-AB8B-4AC48CE6D0A4} = {3F1CB289-B380-43A9-AB8B-4AC48CE6D0A4}
		{EE013CA0-FCB3-477A-B387-AFD3C9252989} = {EE013CA0-FCB3-477A-B387-AFD3C9252989}
		{423885A6-97DF-41D3-AC4C-6D5A22671A38} = {423885A6-97DF-41D3-AC4C-6D5A22671A38}
		{0B4147B5-8047-40D7-9E74-2D40685C0872} = {0B4147B5-8047-40D7-9E74-2D40685C0872}
		{3D0B54B6-104B-4716-90CA-8BB4DC375CE2} = {3D0B54B6-104B-4716-90CA-8BB4DC375CE2}
		{A40F6FCA-4285-4C27-A914-193E0D740FFD} = {A40F6FCA-4285-4C27-A914-193E0D740FFD}
		{6CA8C6D2-157C-43D8-9368-5E9C52ABC048} = {6CA8C6D2-157C-43D8-9368-5E9C52ABC048}
		{CCB53DD3-BE68-48D1-87D5-D482958B3293} = {CCB53DD3-BE68-48D1-87D5-D482958B3293}
		{BC6490D8-F308-4F2B-9034-90D5D5DE5CA5} = {BC6490D8-F308-4F2B-9034-90D5D5DE5CA5}
		{E9B061E5-739B-4A53-9B6C-4F4E4AAD3E7D} = {E9B061E5-739B-4A53-9B6C-4F4E4AAD3E7D}
		{73C850E8-76E5-4EB7-B5AF-423CED1B0D96} = {73C850E8-76E5-4EB7-B5AF-423CED1B0D96}
		{CFCFE8EB-9223-4E70-BEB0-FA93180D4CA3} = {CFCFE8EB-9223-4E70-BEB0-FA93180D4CA3}
		{B1872CF5-2B80-4E35-AA3F-FDC4A22BC798} = {B1872CF5-2B80-4E35-AA3F-FDC4A22BC798}
	EndProjectSection
EndProject
Project("{8BC9CEB8-8B4A-11D0-8D11-00A0C91BC942}") = "zlib", "zlib.vcproj", "{E9B061E5-739B-4A53-9B6C-4F4E4AAD3E7D}"
EndProject
Global
	GlobalSection(SolutionConfigurationPlatforms) = preSolution
		Debug|Win32 = Debug|Win32
		Debug|x64 = Debug|x64
		Release|Win32 = Release|Win32
		Release|x64 = Release|x64
	EndGlobalSection
	GlobalSection(ProjectConfigurationPlatforms) = postSolution
		{ECB6A112-19BB-4073-8AF7-A1B8C861AC5E}.Debug|Win32.ActiveCfg = Debug|x64
		{ECB6A112-19BB-4073-8AF7-A1B8C861AC5E}.Debug|x64.ActiveCfg = Release|x64
		{ECB6A112-19BB-4073-8AF7-A1B8C861AC5E}.Debug|x64.Build.0 = Release|x64
		{ECB6A112-19BB-4073-8AF7-A1B8C861AC5E}.Release|Win32.ActiveCfg = Release|x64
		{ECB6A112-19BB-4073-8AF7-A1B8C861AC5E}.Release|x64.ActiveCfg = Release|x64
		{ECB6A112-19BB-4073-8AF7-A1B8C861AC5E}.Release|x64.Build.0 = Release|x64
		{4A354313-5B3D-4540-AE89-FDFD0D33A4E7}.Debug|Win32.ActiveCfg = Debug|x64
		{4A354313-5B3D-4540-AE89-FDFD0D33A4E7}.Debug|x64.ActiveCfg = Release|x64
		{4A354313-5B3D-4540-AE89-FDFD0D33A4E7}.Debug|x64.Build.0 = Release|x64
		{4A354313-5B3D-4540-AE89-FDFD0D33A4E7}.Release|Win32.ActiveCfg = Release|x64
		{4A354313-5B3D-4540-AE89-FDFD0D33A4E7}.Release|x64.ActiveCfg = Release|x64
		{4A354313-5B3D-4540-AE89-FDFD0D33A4E7}.Release|x64.Build.0 = Release|x64
		{167AF82A-A87D-4174-A597-3EDA33E9EC07}.Debug|Win32.ActiveCfg = Debug|x64
		{167AF82A-A87D-4174-A597-3EDA33E9EC07}.Debug|x64.ActiveCfg = Release|x64
		{167AF82A-A87D-4174-A597-3EDA33E9EC07}.Debug|x64.Build.0 = Release|x64
		{167AF82A-A87D-4174-A597-3EDA33E9EC07}.Release|Win32.ActiveCfg = Release|x64
		{167AF82A-A87D-4174-A597-3EDA33E9EC07}.Release|x64.ActiveCfg = Release|x64
		{167AF82A-A87D-4174-A597-3EDA33E9EC07}.Release|x64.Build.0 = Release|x64
		{C9FF7B71-E77F-4D77-8C68-E5D497ADB361}.Debug|Win32.ActiveCfg = Debug|x64
		{C9FF7B71-E77F-4D77-8C68-E5D497ADB361}.Debug|x64.ActiveCfg = Release|x64
		{C9FF7B71-E77F-4D77-8C68-E5D497ADB361}.Debug|x64.Build.0 = Release|x64
		{C9FF7B71-E77F-4D77-8C68-E5D497ADB361}.Release|Win32.ActiveCfg = Release|x64
		{C9FF7B71-E77F-4D77-8C68-E5D497ADB361}.Release|x64.ActiveCfg = Release|x64
		{C9FF7B71-E77F-4D77-8C68-E5D497ADB361}.Release|x64.Build.0 = Release|x64
		{BC99F5A3-6166-4887-AF62-53FBE007AD7A}.Debug|Win32.ActiveCfg = Debug|x64
		{BC99F5A3-6166-4887-AF62-53FBE007AD7A}.Debug|x64.ActiveCfg = Release|x64
		{BC99F5A3-6166-4887-AF62-53FBE007AD7A}.Debug|x64.Build.0 = Release|x64
		{BC99F5A3-6166-4887-AF62-53FBE007AD7A}.Release|Win32.ActiveCfg = Release|x64
		{BC99F5A3-6166-4887-AF62-53FBE007AD7A}.Release|x64.ActiveCfg = Release|x64
		{BC99F5A3-6166-4887-AF62-53FBE007AD7A}.Release|x64.Build.0 = Release|x64
		{5F2820DF-00EF-4468-A501-1843CC1EC753}.Debug|Win32.ActiveCfg = Debug|x64
		{5F2820DF-00EF-4468-A501-1843CC1EC753}.Debug|x64.ActiveCfg = Release|x64
		{5F2820DF-00EF-4468-A501-1843CC1EC753}.Debug|x64.Build.0 = Release|x64
		{5F2820DF-00EF-4468-A501-1843CC1EC753}.Release|Win32.ActiveCfg = Release|x64
		{5F2820DF-00EF-4468-A501-1843CC1EC753}.Release|x64.ActiveCfg = Release|x64
		{5F2820DF-00EF-4468-A501-1843CC1EC753}.Release|x64.Build.0 = Release|x64
		{B868F179-2161-41E7-911D-AE26783DE337}.Debug|Win32.ActiveCfg = Debug|x64
		{B868F179-2161-41E7-911D-AE26783DE337}.Debug|x64.ActiveCfg = Release|x64
		{B868F179-2161-41E7-911D-AE26783DE337}.Debug|x64.Build.0 = Release|x64
		{B868F179-2161-41E7-911D-AE26783DE337}.Release|Win32.ActiveCfg = Release|x64
		{B868F179-2161-41E7-911D-AE26783DE337}.Release|x64.ActiveCfg = Release|x64
		{B868F179-2161-41E7-911D-AE26783DE337}.Release|x64.Build.0 = Release|x64
		{86C6CE6D-C0C2-4489-BCB9-EE0328447CBB}.Debug|Win32.ActiveCfg = Debug|x64
		{86C6CE6D-C0C2-4489-BCB9-EE0328447CBB}.Debug|x64.ActiveCfg = Release|x64
		{86C6CE6D-C0C2-4489-BCB9-EE0328447CBB}.Debug|x64.Build.0 = Release|x64
		{86C6CE6D-C0C2-4489-BCB9-EE0328447CBB}.Release|Win32.ActiveCfg = Release|x64
		{86C6CE6D-C0C2-4489-BCB9-EE0328447CBB}.Release|x64.ActiveCfg = Release|x64
		{86C6CE6D-C0C2-4489-BCB9-EE0328447CBB}.Release|x64.Build.0 = Release|x64
		{03B352EB-A39A-4AB2-B7C3-42415FAD8A86}.Debug|Win32.ActiveCfg = Debug|x64
		{03B352EB-A39A-4AB2-B7C3-42415FAD8A86}.Debug|x64.ActiveCfg = Release|x64
		{03B352EB-A39A-4AB2-B7C3-42415FAD8A86}.Debug|x64.Build.0 = Release|x64
		{03B352EB-A39A-4AB2-B7C3-42415FAD8A86}.Release|Win32.ActiveCfg = Release|x64
		{03B352EB-A39A-4AB2-B7C3-42415FAD8A86}.Release|x64.ActiveCfg = Release|x64
		{03B352EB-A39A-4AB2-B7C3-42415FAD8A86}.Release|x64.Build.0 = Release|x64
		{DD31B3F3-0739-4F3F-B6C0-AED7A5772B74}.Debug|Win32.ActiveCfg = Debug|x64
		{DD31B3F3-0739-4F3F-B6C0-AED7A5772B74}.Debug|x64.ActiveCfg = Release|x64
		{DD31B3F3-0739-4F3F-B6C0-AED7A5772B74}.Debug|x64.Build.0 = Release|x64
		{DD31B3F3-0739-4F3F-B6C0-AED7A5772B74}.Release|Win32.ActiveCfg = Release|x64
		{DD31B3F3-0739-4F3F-B6C0-AED7A5772B74}.Release|x64.ActiveCfg = Release|x64
		{DD31B3F3-0739-4F3F-B6C0-AED7A5772B74}.Release|x64.Build.0 = Release|x64
		{7C7CE1C9-DFC9-4684-BDBF-9624124614A3}.Debug|Win32.ActiveCfg = Debug|x64
		{7C7CE1C9-DFC9-4684-BDBF-9624124614A3}.Debug|x64.ActiveCfg = Release|x64
		{7C7CE1C9-DFC9-4684-BDBF-9624124614A3}.Debug|x64.Build.0 = Release|x64
		{7C7CE1C9-DFC9-4684-BDBF-9624124614A3}.Release|Win32.ActiveCfg = Release|x64
		{7C7CE1C9-DFC9-4684-BDBF-9624124614A3}.Release|x64.ActiveCfg = Release|x64
		{7C7CE1C9-DFC9-4684-BDBF-9624124614A3}.Release|x64.Build.0 = Release|x64
		{C3EB8401-15D7-46AF-97D7-A6C21E77C1A5}.Debug|Win32.ActiveCfg = Debug|x64
		{C3EB8401-15D7-46AF-97D7-A6C21E77C1A5}.Debug|x64.ActiveCfg = Release|x64
		{C3EB8401-15D7-46AF-97D7-A6C21E77C1A5}.Debug|x64.Build.0 = Release|x64
		{C3EB8401-15D7-46AF-97D7-A6C21E77C1A5}.Release|Win32.ActiveCfg = Release|x64
		{C3EB8401-15D7-46AF-97D7-A6C21E77C1A5}.Release|x64.ActiveCfg = Release|x64
		{C3EB8401-15D7-46AF-97D7-A6C21E77C1A5}.Release|x64.Build.0 = Release|x64
		{0BB78319-8074-4808-B6E2-5D6C85981A41}.Debug|Win32.ActiveCfg = Debug|x64
		{0BB78319-8074-4808-B6E2-5D6C85981A41}.Debug|x64.ActiveCfg = Release|x64
		{0BB78319-8074-4808-B6E2-5D6C85981A41}.Debug|x64.Build.0 = Release|x64
		{0BB78319-8074-4808-B6E2-5D6C85981A41}.Release|Win32.ActiveCfg = Release|x64
		{0BB78319-8074-4808-B6E2-5D6C85981A41}.Release|x64.ActiveCfg = Release|x64
		{0BB78319-8074-4808-B6E2-5D6C85981A41}.Release|x64.Build.0 = Release|x64
		{CF450AB1-DF6F-4780-B08A-6C90CBAC0E4A}.Debug|Win32.ActiveCfg = Debug|x64
		{CF450AB1-DF6F-4780-B08A-6C90CBAC0E4A}.Debug|x64.ActiveCfg = Release|x64
		{CF450AB1-DF6F-4780-B08A-6C90CBAC0E4A}.Debug|x64.Build.0 = Release|x64
		{CF450AB1-DF6F-4780-B08A-6C90CBAC0E4A}.Release|Win32.ActiveCfg = Release|x64
		{CF450AB1-DF6F-4780-B08A-6C90CBAC0E4A}.Release|x64.ActiveCfg = Release|x64
		{CF450AB1-DF6F-4780-B08A-6C90CBAC0E4A}.Release|x64.Build.0 = Release|x64
		{73C850E8-76E5-4EB7-B5AF-423CED1B0D96}.Debug|Win32.ActiveCfg = Debug|x64
		{73C850E8-76E5-4EB7-B5AF-423CED1B0D96}.Debug|x64.ActiveCfg = Release|x64
		{73C850E8-76E5-4EB7-B5AF-423CED1B0D96}.Debug|x64.Build.0 = Release|x64
		{73C850E8-76E5-4EB7-B5AF-423CED1B0D96}.Release|Win32.ActiveCfg = Release|x64
		{73C850E8-76E5-4EB7-B5AF-423CED1B0D96}.Release|x64.ActiveCfg = Release|x64
		{73C850E8-76E5-4EB7-B5AF-423CED1B0D96}.Release|x64.Build.0 = Release|x64
		{BA3E0077-B745-4502-9C7B-371988CA4FEC}.Debug|Win32.ActiveCfg = Debug|x64
		{BA3E0077-B745-4502-9C7B-371988CA4FEC}.Debug|x64.ActiveCfg = Release|x64
		{BA3E0077-B745-4502-9C7B-371988CA4FEC}.Debug|x64.Build.0 = Release|x64
		{BA3E0077-B745-4502-9C7B-371988CA4FEC}.Release|Win32.ActiveCfg = Release|x64
		{BA3E0077-B745-4502-9C7B-371988CA4FEC}.Release|x64.ActiveCfg = Release|x64
		{BA3E0077-B745-4502-9C7B-371988CA4FEC}.Release|x64.Build.0 = Release|x64
		{00327921-E1FA-41E1-8FB5-2F0E0EF94C78}.Debug|Win32.ActiveCfg = Debug|x64
		{00327921-E1FA-41E1-8FB5-2F0E0EF94C78}.Debug|x64.ActiveCfg = Release|x64
		{00327921-E1FA-41E1-8FB5-2F0E0EF94C78}.Debug|x64.Build.0 = Release|x64
		{00327921-E1FA-41E1-8FB5-2F0E0EF94C78}.Release|Win32.ActiveCfg = Release|x64
		{00327921-E1FA-41E1-8FB5-2F0E0EF94C78}.Release|x64.ActiveCfg = Release|x64
		{00327921-E1FA-41E1-8FB5-2F0E0EF94C78}.Release|x64.Build.0 = Release|x64
		{0ED2E124-5786-4A02-8BE5-2DF328A1616A}.Debug|Win32.ActiveCfg = Debug|x64
		{0ED2E124-5786-4A02-8BE5-2DF328A1616A}.Debug|x64.ActiveCfg = Release|x64
		{0ED2E124-5786-4A02-8BE5-2DF328A1616A}.Debug|x64.Build.0 = Release|x64
		{0ED2E124-5786-4A02-8BE5-2DF328A1616A}.Release|Win32.ActiveCfg = Release|x64
		{0ED2E124-5786-4A02-8BE5-2DF328A1616A}.Release|x64.ActiveCfg = Release|x64
		{0ED2E124-5786-4A02-8BE5-2DF328A1616A}.Release|x64.Build.0 = Release|x64
		{423885A6-97DF-41D3-AC4C-6D5A22671A38}.Debug|Win32.ActiveCfg = Debug|x64
		{423885A6-97DF-41D3-AC4C-6D5A22671A38}.Debug|x64.ActiveCfg = Release|x64
		{423885A6-97DF-41D3-AC4C-6D5A22671A38}.Debug|x64.Build.0 = Release|x64
		{423885A6-97DF-41D3-AC4C-6D5A22671A38}.Release|Win32.ActiveCfg = Release|x64
		{423885A6-97DF-41D3-AC4C-6D5A22671A38}.Release|x64.ActiveCfg = Release|x64
		{423885A6-97DF-41D3-AC4C-6D5A22671A38}.Release|x64.Build.0 = Release|x64
		{A40F6FCA-4285-4C27-A914-193E0D740FFD}.Debug|Win32.ActiveCfg = Debug|x64
		{A40F6FCA-4285-4C27-A914-193E0D740FFD}.Debug|x64.ActiveCfg = Release|x64
		{A40F6FCA-4285-4C27-A914-193E0D740FFD}.Debug|x64.Build.0 = Release|x64
		{A40F6FCA-4285-4C27-A914-193E0D740FFD}.Release|Win32.ActiveCfg = Release|x64
		{A40F6FCA-4285-4C27-A914-193E0D740FFD}.Release|x64.ActiveCfg = Release|x64
		{A40F6FCA-4285-4C27-A914-193E0D740FFD}.Release|x64.Build.0 = Release|x64
		{1B069C71-B4B7-46E0-B8F7-38F33F0B2956}.Debug|Win32.ActiveCfg = Debug|Win32
		{1B069C71-B4B7-46E0-B8F7-38F33F0B2956}.Debug|Win32.Build.0 = Debug|Win32
		{1B069C71-B4B7-46E0-B8F7-38F33F0B2956}.Debug|x64.ActiveCfg = Release|Win32
		{1B069C71-B4B7-46E0-B8F7-38F33F0B2956}.Debug|x64.Build.0 = Release|Win32
		{1B069C71-B4B7-46E0-B8F7-38F33F0B2956}.Release|Win32.ActiveCfg = Release|Win32
		{1B069C71-B4B7-46E0-B8F7-38F33F0B2956}.Release|Win32.Build.0 = Release|Win32
		{1B069C71-B4B7-46E0-B8F7-38F33F0B2956}.Release|x64.ActiveCfg = Release|Win32
		{1B069C71-B4B7-46E0-B8F7-38F33F0B2956}.Release|x64.Build.0 = Release|Win32
		{477A61E3-67BE-4FAF-A516-D6D40A82A7A7}.Debug|Win32.ActiveCfg = Debug|Win32
		{477A61E3-67BE-4FAF-A516-D6D40A82A7A7}.Debug|Win32.Build.0 = Debug|Win32
		{477A61E3-67BE-4FAF-A516-D6D40A82A7A7}.Debug|x64.ActiveCfg = Release|Win32
		{477A61E3-67BE-4FAF-A516-D6D40A82A7A7}.Debug|x64.Build.0 = Release|Win32
		{477A61E3-67BE-4FAF-A516-D6D40A82A7A7}.Release|Win32.ActiveCfg = Release|Win32
		{477A61E3-67BE-4FAF-A516-D6D40A82A7A7}.Release|Win32.Build.0 = Release|Win32
		{477A61E3-67BE-4FAF-A516-D6D40A82A7A7}.Release|x64.ActiveCfg = Release|Win32
		{477A61E3-67BE-4FAF-A516-D6D40A82A7A7}.Release|x64.Build.0 = Release|Win32
		{7129BF37-174A-4D72-994E-9C2327FE9D61}.Debug|Win32.ActiveCfg = Debug|Win32
		{7129BF37-174A-4D72-994E-9C2327FE9D61}.Debug|Win32.Build.0 = Debug|Win32
		{7129BF37-174A-4D72-994E-9C2327FE9D61}.Debug|x64.ActiveCfg = Release|Win32
		{7129BF37-174A-4D72-994E-9C2327FE9D61}.Debug|x64.Build.0 = Release|Win32
		{7129BF37-174A-4D72-994E-9C2327FE9D61}.Release|Win32.ActiveCfg = Release|Win32
		{7129BF37-174A-4D72-994E-9C2327FE9D61}.Release|Win32.Build.0 = Release|Win32
		{7129BF37-174A-4D72-994E-9C2327FE9D61}.Release|x64.ActiveCfg = Release|Win32
		{7129BF37-174A-4D72-994E-9C2327FE9D61}.Release|x64.Build.0 = Release|Win32
		{8C0C9814-641B-44B6-84CD-25C4C54FB049}.Debug|Win32.ActiveCfg = Debug|x64
		{8C0C9814-641B-44B6-84CD-25C4C54FB049}.Debug|x64.ActiveCfg = Release|x64
		{8C0C9814-641B-44B6-84CD-25C4C54FB049}.Debug|x64.Build.0 = Release|x64
		{8C0C9814-641B-44B6-84CD-25C4C54FB049}.Release|Win32.ActiveCfg = Release|x64
		{8C0C9814-641B-44B6-84CD-25C4C54FB049}.Release|x64.ActiveCfg = Release|x64
		{8C0C9814-641B-44B6-84CD-25C4C54FB049}.Release|x64.Build.0 = Release|x64
		{DB527D7B-1F04-45A5-85F0-AA9E148DD748}.Debug|Win32.ActiveCfg = Debug|x64
		{DB527D7B-1F04-45A5-85F0-AA9E148DD748}.Debug|x64.ActiveCfg = Release|x64
		{DB527D7B-1F04-45A5-85F0-AA9E148DD748}.Debug|x64.Build.0 = Release|x64
		{DB527D7B-1F04-45A5-85F0-AA9E148DD748}.Release|Win32.ActiveCfg = Release|x64
		{DB527D7B-1F04-45A5-85F0-AA9E148DD748}.Release|x64.ActiveCfg = Release|x64
		{DB527D7B-1F04-45A5-85F0-AA9E148DD748}.Release|x64.Build.0 = Release|x64
		{7244426E-2549-43BB-AE6F-79F70FC9F1B3}.Debug|Win32.ActiveCfg = Debug|x64
		{7244426E-2549-43BB-AE6F-79F70FC9F1B3}.Debug|x64.ActiveCfg = Release|x64
		{7244426E-2549-43BB-AE6F-79F70FC9F1B3}.Debug|x64.Build.0 = Release|x64
		{7244426E-2549-43BB-AE6F-79F70FC9F1B3}.Release|Win32.ActiveCfg = Release|x64
		{7244426E-2549-43BB-AE6F-79F70FC9F1B3}.Release|x64.ActiveCfg = Release|x64
		{7244426E-2549-43BB-AE6F-79F70FC9F1B3}.Release|x64.Build.0 = Release|x64
		{0B4147B5-8047-40D7-9E74-2D40685C0872}.Debug|Win32.ActiveCfg = Debug|x64
		{0B4147B5-8047-40D7-9E74-2D40685C0872}.Debug|x64.ActiveCfg = Release|x64
		{0B4147B5-8047-40D7-9E74-2D40685C0872}.Debug|x64.Build.0 = Release|x64
		{0B4147B5-8047-40D7-9E74-2D40685C0872}.Release|Win32.ActiveCfg = Release|x64
		{0B4147B5-8047-40D7-9E74-2D40685C0872}.Release|x64.ActiveCfg = Release|x64
		{0B4147B5-8047-40D7-9E74-2D40685C0872}.Release|x64.Build.0 = Release|x64
		{72B67F40-EE90-4C08-8BC9-739952BBF802}.Debug|Win32.ActiveCfg = Debug|x64
		{72B67F40-EE90-4C08-8BC9-739952BBF802}.Debug|x64.ActiveCfg = Release|x64
		{72B67F40-EE90-4C08-8BC9-739952BBF802}.Debug|x64.Build.0 = Release|x64
		{72B67F40-EE90-4C08-8BC9-739952BBF802}.Release|Win32.ActiveCfg = Release|x64
		{72B67F40-EE90-4C08-8BC9-739952BBF802}.Release|x64.ActiveCfg = Release|x64
		{72B67F40-EE90-4C08-8BC9-739952BBF802}.Release|x64.Build.0 = Release|x64
		{BC6490D8-F308-4F2B-9034-90D5D5DE5CA5}.Debug|Win32.ActiveCfg = Debug|x64
		{BC6490D8-F308-4F2B-9034-90D5D5DE5CA5}.Debug|x64.ActiveCfg = Release|x64
		{BC6490D8-F308-4F2B-9034-90D5D5DE5CA5}.Debug|x64.Build.0 = Release|x64
		{BC6490D8-F308-4F2B-9034-90D5D5DE5CA5}.Release|Win32.ActiveCfg = Release|x64
		{BC6490D8-F308-4F2B-9034-90D5D5DE5CA5}.Release|x64.ActiveCfg = Release|x64
		{BC6490D8-F308-4F2B-9034-90D5D5DE5CA5}.Release|x64.Build.0 = Release|x64
		{CF04D97F-C99C-4405-B2D7-2D810F8122F9}.Debug|Win32.ActiveCfg = Debug|x64
		{CF04D97F-C99C-4405-B2D7-2D810F8122F9}.Debug|x64.ActiveCfg = Release|x64
		{CF04D97F-C99C-4405-B2D7-2D810F8122F9}.Debug|x64.Build.0 = Release|x64
		{CF04D97F-C99C-4405-B2D7-2D810F8122F9}.Release|Win32.ActiveCfg = Release|x64
		{CF04D97F-C99C-4405-B2D7-2D810F8122F9}.Release|x64.ActiveCfg = Release|x64
		{CF04D97F-C99C-4405-B2D7-2D810F8122F9}.Release|x64.Build.0 = Release|x64
		{AE88D35B-0284-48F0-B5EC-CB8169E85A2A}.Debug|Win32.ActiveCfg = Debug|x64
		{AE88D35B-0284-48F0-B5EC-CB8169E85A2A}.Debug|x64.ActiveCfg = Release|x64
		{AE88D35B-0284-48F0-B5EC-CB8169E85A2A}.Debug|x64.Build.0 = Release|x64
		{AE88D35B-0284-48F0-B5EC-CB8169E85A2A}.Release|Win32.ActiveCfg = Release|x64
		{AE88D35B-0284-48F0-B5EC-CB8169E85A2A}.Release|x64.ActiveCfg = Release|x64
		{AE88D35B-0284-48F0-B5EC-CB8169E85A2A}.Release|x64.Build.0 = Release|x64
		{EE013CA0-FCB3-477A-B387-AFD3C9252989}.Debug|Win32.ActiveCfg = Debug|x64
		{EE013CA0-FCB3-477A-B387-AFD3C9252989}.Debug|x64.ActiveCfg = Release|x64
		{EE013CA0-FCB3-477A-B387-AFD3C9252989}.Debug|x64.Build.0 = Release|x64
		{EE013CA0-FCB3-477A-B387-AFD3C9252989}.Release|Win32.ActiveCfg = Release|x64
		{EE013CA0-FCB3-477A-B387-AFD3C9252989}.Release|x64.ActiveCfg = Release|x64
		{EE013CA0-FCB3-477A-B387-AFD3C9252989}.Release|x64.Build.0 = Release|x64
		{A8AF09E5-371E-442E-9308-BB552E76F4D5}.Debug|Win32.ActiveCfg = Debug|x64
		{A8AF09E5-371E-442E-9308-BB552E76F4D5}.Debug|x64.ActiveCfg = Release|x64
		{A8AF09E5-371E-442E-9308-BB552E76F4D5}.Debug|x64.Build.0 = Release|x64
		{A8AF09E5-371E-442E-9308-BB552E76F4D5}.Release|Win32.ActiveCfg = Release|x64
		{A8AF09E5-371E-442E-9308-BB552E76F4D5}.Release|x64.ActiveCfg = Release|x64
		{A8AF09E5-371E-442E-9308-BB552E76F4D5}.Release|x64.Build.0 = Release|x64
		{CE682538-2732-4E8D-9F0A-5216A36FE773}.Debug|Win32.ActiveCfg = Debug|x64
		{CE682538-2732-4E8D-9F0A-5216A36FE773}.Debug|x64.ActiveCfg = Release|x64
		{CE682538-2732-4E8D-9F0A-5216A36FE773}.Debug|x64.Build.0 = Release|x64
		{CE682538-2732-4E8D-9F0A-5216A36FE773}.Release|Win32.ActiveCfg = Release|x64
		{CE682538-2732-4E8D-9F0A-5216A36FE773}.Release|x64.ActiveCfg = Release|x64
		{CE682538-2732-4E8D-9F0A-5216A36FE773}.Release|x64.Build.0 = Release|x64
		{C5951921-2053-4DEA-8069-2591B2F04548}.Debug|Win32.ActiveCfg = Debug|x64
		{C5951921-2053-4DEA-8069-2591B2F04548}.Debug|x64.ActiveCfg = Release|x64
		{C5951921-2053-4DEA-8069-2591B2F04548}.Debug|x64.Build.0 = Release|x64
		{C5951921-2053-4DEA-8069-2591B2F04548}.Release|Win32.ActiveCfg = Release|x64
		{C5951921-2053-4DEA-8069-2591B2F04548}.Release|x64.ActiveCfg = Release|x64
		{C5951921-2053-4DEA-8069-2591B2F04548}.Release|x64.Build.0 = Release|x64
		{320C2A71-24EC-43FC-B37A-BC6E404806A3}.Debug|Win32.ActiveCfg = Debug|x64
		{320C2A71-24EC-43FC-B37A-BC6E404806A3}.Debug|x64.ActiveCfg = Release|x64
		{320C2A71-24EC-43FC-B37A-BC6E404806A3}.Debug|x64.Build.0 = Release|x64
		{320C2A71-24EC-43FC-B37A-BC6E404806A3}.Release|Win32.ActiveCfg = Release|x64
		{320C2A71-24EC-43FC-B37A-BC6E404806A3}.Release|x64.ActiveCfg = Release|x64
		{320C2A71-24EC-43FC-B37A-BC6E404806A3}.Release|x64.Build.0 = Release|x64
		{B1872CF5-2B80-4E35-AA3F-FDC4A22BC798}.Debug|Win32.ActiveCfg = Debug|x64
		{B1872CF5-2B80-4E35-AA3F-FDC4A22BC798}.Debug|x64.ActiveCfg = Release|x64
		{B1872CF5-2B80-4E35-AA3F-FDC4A22BC798}.Debug|x64.Build.0 = Release|x64
		{B1872CF5-2B80-4E35-AA3F-FDC4A22BC798}.Release|Win32.ActiveCfg = Release|x64
		{B1872CF5-2B80-4E35-AA3F-FDC4A22BC798}.Release|x64.ActiveCfg = Release|x64
		{B1872CF5-2B80-4E35-AA3F-FDC4A22BC798}.Release|x64.Build.0 = Release|x64
		{0DED6E60-AFD5-4D9F-9C20-42882870CCB1}.Debug|Win32.ActiveCfg = Debug|x64
		{0DED6E60-AFD5-4D9F-9C20-42882870CCB1}.Debug|x64.ActiveCfg = Release|x64
		{0DED6E60-AFD5-4D9F-9C20-42882870CCB1}.Debug|x64.Build.0 = Release|x64
		{0DED6E60-AFD5-4D9F-9C20-42882870CCB1}.Release|Win32.ActiveCfg = Release|x64
		{0DED6E60-AFD5-4D9F-9C20-42882870CCB1}.Release|x64.ActiveCfg = Release|x64
		{0DED6E60-AFD5-4D9F-9C20-42882870CCB1}.Release|x64.Build.0 = Release|x64
		{B63DA67A-83FC-44F7-A368-5AC4026251A7}.Debug|Win32.ActiveCfg = Debug|x64
		{B63DA67A-83FC-44F7-A368-5AC4026251A7}.Debug|x64.ActiveCfg = Release|x64
		{B63DA67A-83FC-44F7-A368-5AC4026251A7}.Debug|x64.Build.0 = Release|x64
		{B63DA67A-83FC-44F7-A368-5AC4026251A7}.Release|Win32.ActiveCfg = Release|x64
		{B63DA67A-83FC-44F7-A368-5AC4026251A7}.Release|x64.ActiveCfg = Release|x64
		{B63DA67A-83FC-44F7-A368-5AC4026251A7}.Release|x64.Build.0 = Release|x64
		{7CF3660F-5A8D-4EEC-A2B3-9E34FAF267E6}.Debug|Win32.ActiveCfg = Debug|x64
		{7CF3660F-5A8D-4EEC-A2B3-9E34FAF267E6}.Debug|x64.ActiveCfg = Release|x64
		{7CF3660F-5A8D-4EEC-A2B3-9E34FAF267E6}.Debug|x64.Build.0 = Release|x64
		{7CF3660F-5A8D-4EEC-A2B3-9E34FAF267E6}.Release|Win32.ActiveCfg = Release|x64
		{7CF3660F-5A8D-4EEC-A2B3-9E34FAF267E6}.Release|x64.ActiveCfg = Release|x64
		{7CF3660F-5A8D-4EEC-A2B3-9E34FAF267E6}.Release|x64.Build.0 = Release|x64
		{3D0B54B6-104B-4716-90CA-8BB4DC375CE2}.Debug|Win32.ActiveCfg = Debug|x64
		{3D0B54B6-104B-4716-90CA-8BB4DC375CE2}.Debug|x64.ActiveCfg = Release|x64
		{3D0B54B6-104B-4716-90CA-8BB4DC375CE2}.Debug|x64.Build.0 = Release|x64
		{3D0B54B6-104B-4716-90CA-8BB4DC375CE2}.Release|Win32.ActiveCfg = Release|x64
		{3D0B54B6-104B-4716-90CA-8BB4DC375CE2}.Release|x64.ActiveCfg = Release|x64
		{3D0B54B6-104B-4716-90CA-8BB4DC375CE2}.Release|x64.Build.0 = Release|x64
		{97451C3D-72C7-4F01-BA44-5441223CB2BF}.Debug|Win32.ActiveCfg = Debug|x64
		{97451C3D-72C7-4F01-BA44-5441223CB2BF}.Debug|x64.ActiveCfg = Release|x64
		{97451C3D-72C7-4F01-BA44-5441223CB2BF}.Debug|x64.Build.0 = Release|x64
		{97451C3D-72C7-4F01-BA44-5441223CB2BF}.Release|Win32.ActiveCfg = Release|x64
		{97451C3D-72C7-4F01-BA44-5441223CB2BF}.Release|x64.ActiveCfg = Release|x64
		{97451C3D-72C7-4F01-BA44-5441223CB2BF}.Release|x64.Build.0 = Release|x64
		{CFCFE8EB-9223-4E70-BEB0-FA93180D4CA3}.Debug|Win32.ActiveCfg = Debug|x64
		{CFCFE8EB-9223-4E70-BEB0-FA93180D4CA3}.Debug|x64.ActiveCfg = Release|x64
		{CFCFE8EB-9223-4E70-BEB0-FA93180D4CA3}.Debug|x64.Build.0 = Release|x64
		{CFCFE8EB-9223-4E70-BEB0-FA93180D4CA3}.Release|Win32.ActiveCfg = Release|x64
		{CFCFE8EB-9223-4E70-BEB0-FA93180D4CA3}.Release|x64.ActiveCfg = Release|x64
		{CFCFE8EB-9223-4E70-BEB0-FA93180D4CA3}.Release|x64.Build.0 = Release|x64
		{FC8CC524-2B59-4BF7-846C-EC8109C5B615}.Debug|Win32.ActiveCfg = Debug|x64
		{FC8CC524-2B59-4BF7-846C-EC8109C5B615}.Debug|x64.ActiveCfg = Release|x64
		{FC8CC524-2B59-4BF7-846C-EC8109C5B615}.Debug|x64.Build.0 = Release|x64
		{FC8CC524-2B59-4BF7-846C-EC8109C5B615}.Release|Win32.ActiveCfg = Release|x64
		{FC8CC524-2B59-4BF7-846C-EC8109C5B615}.Release|x64.ActiveCfg = Release|x64
		{FC8CC524-2B59-4BF7-846C-EC8109C5B615}.Release|x64.Build.0 = Release|x64
		{76DDDC33-CD8E-40B8-8A00-8CE75C12ADDF}.Debug|Win32.ActiveCfg = Debug|x64
		{76DDDC33-CD8E-40B8-8A00-8CE75C12ADDF}.Debug|x64.ActiveCfg = Release|x64
		{76DDDC33-CD8E-40B8-8A00-8CE75C12ADDF}.Debug|x64.Build.0 = Release|x64
		{76DDDC33-CD8E-40B8-8A00-8CE75C12ADDF}.Release|Win32.ActiveCfg = Release|x64
		{76DDDC33-CD8E-40B8-8A00-8CE75C12ADDF}.Release|x64.ActiveCfg = Release|x64
		{76DDDC33-CD8E-40B8-8A00-8CE75C12ADDF}.Release|x64.Build.0 = Release|x64
		{AEC70508-1A9B-4968-87C9-42EFEA706999}.Debug|Win32.ActiveCfg = Debug|x64
		{AEC70508-1A9B-4968-87C9-42EFEA706999}.Debug|x64.ActiveCfg = Release|x64
		{AEC70508-1A9B-4968-87C9-42EFEA706999}.Debug|x64.Build.0 = Release|x64
		{AEC70508-1A9B-4968-87C9-42EFEA706999}.Release|Win32.ActiveCfg = Release|x64
		{AEC70508-1A9B-4968-87C9-42EFEA706999}.Release|x64.ActiveCfg = Release|x64
		{AEC70508-1A9B-4968-87C9-42EFEA706999}.Release|x64.Build.0 = Release|x64
		{6CA8C6D2-157C-43D8-9368-5E9C52ABC048}.Debug|Win32.ActiveCfg = Debug|x64
		{6CA8C6D2-157C-43D8-9368-5E9C52ABC048}.Debug|x64.ActiveCfg = Release|x64
		{6CA8C6D2-157C-43D8-9368-5E9C52ABC048}.Debug|x64.Build.0 = Release|x64
		{6CA8C6D2-157C-43D8-9368-5E9C52ABC048}.Release|Win32.ActiveCfg = Release|x64
		{6CA8C6D2-157C-43D8-9368-5E9C52ABC048}.Release|x64.ActiveCfg = Release|x64
		{6CA8C6D2-157C-43D8-9368-5E9C52ABC048}.Release|x64.Build.0 = Release|x64
		{E8CF1434-22E4-4FF8-A503-DC8B87EB2C68}.Debug|Win32.ActiveCfg = Debug|x64
		{E8CF1434-22E4-4FF8-A503-DC8B87EB2C68}.Debug|x64.ActiveCfg = Release|x64
		{E8CF1434-22E4-4FF8-A503-DC8B87EB2C68}.Debug|x64.Build.0 = Release|x64
		{E8CF1434-22E4-4FF8-A503-DC8B87EB2C68}.Release|Win32.ActiveCfg = Release|x64
		{E8CF1434-22E4-4FF8-A503-DC8B87EB2C68}.Release|x64.ActiveCfg = Release|x64
		{E8CF1434-22E4-4FF8-A503-DC8B87EB2C68}.Release|x64.Build.0 = Release|x64
		{C61A260C-0E95-47CE-BE6E-9DD8E4AB666D}.Debug|Win32.ActiveCfg = Debug|x64
		{C61A260C-0E95-47CE-BE6E-9DD8E4AB666D}.Debug|x64.ActiveCfg = Release|x64
		{C61A260C-0E95-47CE-BE6E-9DD8E4AB666D}.Debug|x64.Build.0 = Release|x64
		{C61A260C-0E95-47CE-BE6E-9DD8E4AB666D}.Release|Win32.ActiveCfg = Release|x64
		{C61A260C-0E95-47CE-BE6E-9DD8E4AB666D}.Release|x64.ActiveCfg = Release|x64
		{C61A260C-0E95-47CE-BE6E-9DD8E4AB666D}.Release|x64.Build.0 = Release|x64
		{3F1CB289-B380-43A9-AB8B-4AC48CE6D0A4}.Debug|Win32.ActiveCfg = Debug|x64
		{3F1CB289-B380-43A9-AB8B-4AC48CE6D0A4}.Debug|x64.ActiveCfg = Release|x64
		{3F1CB289-B380-43A9-AB8B-4AC48CE6D0A4}.Debug|x64.Build.0 = Release|x64
		{3F1CB289-B380-43A9-AB8B-4AC48CE6D0A4}.Release|Win32.ActiveCfg = Release|x64
		{3F1CB289-B380-43A9-AB8B-4AC48CE6D0A4}.Release|x64.ActiveCfg = Release|x64
		{3F1CB289-B380-43A9-AB8B-4AC48CE6D0A4}.Release|x64.Build.0 = Release|x64
		{CCB53DD3-BE68-48D1-87D5-D482958B3293}.Debug|Win32.ActiveCfg = Debug|x64
		{CCB53DD3-BE68-48D1-87D5-D482958B3293}.Debug|x64.ActiveCfg = Release|x64
		{CCB53DD3-BE68-48D1-87D5-D482958B3293}.Debug|x64.Build.0 = Release|x64
		{CCB53DD3-BE68-48D1-87D5-D482958B3293}.Release|Win32.ActiveCfg = Release|x64
		{CCB53DD3-BE68-48D1-87D5-D482958B3293}.Release|x64.ActiveCfg = Release|x64
		{CCB53DD3-BE68-48D1-87D5-D482958B3293}.Release|x64.Build.0 = Release|x64
		{C99ABD62-30E6-4AEE-82D6-1B5069021C42}.Debug|Win32.ActiveCfg = Debug|x64
		{C99ABD62-30E6-4AEE-82D6-1B5069021C42}.Debug|x64.ActiveCfg = Release|x64
		{C99ABD62-30E6-4AEE-82D6-1B5069021C42}.Debug|x64.Build.0 = Release|x64
		{C99ABD62-30E6-4AEE-82D6-1B5069021C42}.Release|Win32.ActiveCfg = Release|x64
		{C99ABD62-30E6-4AEE-82D6-1B5069021C42}.Release|x64.ActiveCfg = Release|x64
		{C99ABD62-30E6-4AEE-82D6-1B5069021C42}.Release|x64.Build.0 = Release|x64
		{E6DF2112-7CD6-46D2-91E0-6490702EED7F}.Debug|Win32.ActiveCfg = Debug|x64
		{E6DF2112-7CD6-46D2-91E0-6490702EED7F}.Debug|x64.ActiveCfg = Release|x64
		{E6DF2112-7CD6-46D2-91E0-6490702EED7F}.Debug|x64.Build.0 = Release|x64
		{E6DF2112-7CD6-46D2-91E0-6490702EED7F}.Release|Win32.ActiveCfg = Release|x64
		{E6DF2112-7CD6-46D2-91E0-6490702EED7F}.Release|x64.ActiveCfg = Release|x64
		{E6DF2112-7CD6-46D2-91E0-6490702EED7F}.Release|x64.Build.0 = Release|x64
		{7B9D283C-1BED-4FD8-BE86-13599332CBDC}.Debug|Win32.ActiveCfg = Debug|x64
		{7B9D283C-1BED-4FD8-BE86-13599332CBDC}.Debug|x64.ActiveCfg = Release|x64
		{7B9D283C-1BED-4FD8-BE86-13599332CBDC}.Debug|x64.Build.0 = Release|x64
		{7B9D283C-1BED-4FD8-BE86-13599332CBDC}.Release|Win32.ActiveCfg = Release|x64
		{7B9D283C-1BED-4FD8-BE86-13599332CBDC}.Release|x64.ActiveCfg = Release|x64
		{7B9D283C-1BED-4FD8-BE86-13599332CBDC}.Release|x64.Build.0 = Release|x64
		{0335B224-083E-4B15-A5BC-EFA230535709}.Debug|Win32.ActiveCfg = Debug|x64
		{0335B224-083E-4B15-A5BC-EFA230535709}.Debug|x64.ActiveCfg = Release|x64
		{0335B224-083E-4B15-A5BC-EFA230535709}.Debug|x64.Build.0 = Release|x64
		{0335B224-083E-4B15-A5BC-EFA230535709}.Release|Win32.ActiveCfg = Release|x64
		{0335B224-083E-4B15-A5BC-EFA230535709}.Release|x64.ActiveCfg = Release|x64
		{0335B224-083E-4B15-A5BC-EFA230535709}.Release|x64.Build.0 = Release|x64
		{CB5264CD-9133-433B-94C8-AA5C2B63F08B}.Debug|Win32.ActiveCfg = Debug|x64
		{CB5264CD-9133-433B-94C8-AA5C2B63F08B}.Debug|x64.ActiveCfg = Release|x64
		{CB5264CD-9133-433B-94C8-AA5C2B63F08B}.Debug|x64.Build.0 = Release|x64
		{CB5264CD-9133-433B-94C8-AA5C2B63F08B}.Release|Win32.ActiveCfg = Release|x64
		{CB5264CD-9133-433B-94C8-AA5C2B63F08B}.Release|x64.ActiveCfg = Release|x64
		{CB5264CD-9133-433B-94C8-AA5C2B63F08B}.Release|x64.Build.0 = Release|x64
		{5D7323DF-CB50-4A7C-B2FF-765314D210A5}.Debug|Win32.ActiveCfg = Debug|x64
		{5D7323DF-CB50-4A7C-B2FF-765314D210A5}.Debug|x64.ActiveCfg = Release|x64
		{5D7323DF-CB50-4A7C-B2FF-765314D210A5}.Debug|x64.Build.0 = Release|x64
		{5D7323DF-CB50-4A7C-B2FF-765314D210A5}.Release|Win32.ActiveCfg = Release|x64
		{5D7323DF-CB50-4A7C-B2FF-765314D210A5}.Release|x64.ActiveCfg = Release|x64
		{5D7323DF-CB50-4A7C-B2FF-765314D210A5}.Release|x64.Build.0 = Release|x64
		{64819D4B-3D2A-4A1D-A299-DED236BC1C5A}.Debug|Win32.ActiveCfg = Debug|x64
		{64819D4B-3D2A-4A1D-A299-DED236BC1C5A}.Debug|x64.ActiveCfg = Release|x64
		{64819D4B-3D2A-4A1D-A299-DED236BC1C5A}.Debug|x64.Build.0 = Release|x64
		{64819D4B-3D2A-4A1D-A299-DED236BC1C5A}.Release|Win32.ActiveCfg = Release|x64
		{64819D4B-3D2A-4A1D-A299-DED236BC1C5A}.Release|x64.ActiveCfg = Release|x64
		{64819D4B-3D2A-4A1D-A299-DED236BC1C5A}.Release|x64.Build.0 = Release|x64
		{3A67CD71-6D59-4951-A7F9-F145E7E710EB}.Debug|Win32.ActiveCfg = Debug|x64
		{3A67CD71-6D59-4951-A7F9-F145E7E710EB}.Debug|x64.ActiveCfg = Release|x64
		{3A67CD71-6D59-4951-A7F9-F145E7E710EB}.Debug|x64.Build.0 = Release|x64
		{3A67CD71-6D59-4951-A7F9-F145E7E710EB}.Release|Win32.ActiveCfg = Release|x64
		{3A67CD71-6D59-4951-A7F9-F145E7E710EB}.Release|x64.ActiveCfg = Release|x64
		{3A67CD71-6D59-4951-A7F9-F145E7E710EB}.Release|x64.Build.0 = Release|x64
		{4546BDA3-3812-46AC-B264-0490CD514793}.Debug|Win32.ActiveCfg = Debug|x64
		{4546BDA3-3812-46AC-B264-0490CD514793}.Debug|x64.ActiveCfg = Release|x64
		{4546BDA3-3812-46AC-B264-0490CD514793}.Debug|x64.Build.0 = Release|x64
		{4546BDA3-3812-46AC-B264-0490CD514793}.Release|Win32.ActiveCfg = Release|x64
		{4546BDA3-3812-46AC-B264-0490CD514793}.Release|x64.ActiveCfg = Release|x64
		{4546BDA3-3812-46AC-B264-0490CD514793}.Release|x64.Build.0 = Release|x64
		{AE78A52B-0993-439C-A119-079731056B9E}.Debug|Win32.ActiveCfg = Debug|x64
		{AE78A52B-0993-439C-A119-079731056B9E}.Debug|x64.ActiveCfg = Release|x64
		{AE78A52B-0993-439C-A119-079731056B9E}.Debug|x64.Build.0 = Release|x64
		{AE78A52B-0993-439C-A119-079731056B9E}.Release|Win32.ActiveCfg = Release|x64
		{AE78A52B-0993-439C-A119-079731056B9E}.Release|x64.ActiveCfg = Release|x64
		{AE78A52B-0993-439C-A119-079731056B9E}.Release|x64.Build.0 = Release|x64
		{E9B061E5-739B-4A53-9B6C-4F4E4AAD3E7D}.Debug|Win32.ActiveCfg = Debug|x64
		{E9B061E5-739B-4A53-9B6C-4F4E4AAD3E7D}.Debug|x64.ActiveCfg = Release|x64
		{E9B061E5-739B-4A53-9B6C-4F4E4AAD3E7D}.Debug|x64.Build.0 = Release|x64
		{E9B061E5-739B-4A53-9B6C-4F4E4AAD3E7D}.Release|Win32.ActiveCfg = Release|x64
		{E9B061E5-739B-4A53-9B6C-4F4E4AAD3E7D}.Release|x64.ActiveCfg = Release|x64
		{E9B061E5-739B-4A53-9B6C-4F4E4AAD3E7D}.Release|x64.Build.0 = Release|x64
	EndGlobalSection
	GlobalSection(SolutionProperties) = preSolution
		HideSolutionNode = FALSE
	EndGlobalSection
EndGlobal
